// !$*UTF8*$!
{
	archiveVersion = 1;
	classes = {
	};
	objectVersion = 46;
	objects = {

/* Begin PBXBuildFile section */
		358B18021ABC7C39007283CB /* AudioToolbox.framework in Frameworks */ = {isa = PBXBuildFile; fileRef = 358B18011ABC7C39007283CB /* AudioToolbox.framework */; };
		358B18041ABC7C41007283CB /* CFNetwork.framework in Frameworks */ = {isa = PBXBuildFile; fileRef = 358B18031ABC7C41007283CB /* CFNetwork.framework */; };
		358B18061ABC7C48007283CB /* CoreGraphics.framework in Frameworks */ = {isa = PBXBuildFile; fileRef = 358B18051ABC7C48007283CB /* CoreGraphics.framework */; };
		358B18081ABC7C4E007283CB /* CoreLocation.framework in Frameworks */ = {isa = PBXBuildFile; fileRef = 358B18071ABC7C4E007283CB /* CoreLocation.framework */; };
		358B180A1ABC7C6F007283CB /* MobileCoreServices.framework in Frameworks */ = {isa = PBXBuildFile; fileRef = 358B18091ABC7C6E007283CB /* MobileCoreServices.framework */; };
		358B180C1ABC7C74007283CB /* QuartzCore.framework in Frameworks */ = {isa = PBXBuildFile; fileRef = 358B180B1ABC7C74007283CB /* QuartzCore.framework */; };
		358B180E1ABC7C7D007283CB /* Security.framework in Frameworks */ = {isa = PBXBuildFile; fileRef = 358B180D1ABC7C7D007283CB /* Security.framework */; };
		358B18101ABC7C82007283CB /* StoreKit.framework in Frameworks */ = {isa = PBXBuildFile; fileRef = 358B180F1ABC7C82007283CB /* StoreKit.framework */; };
		358B18121ABC7C88007283CB /* SystemConfiguration.framework in Frameworks */ = {isa = PBXBuildFile; fileRef = 358B18111ABC7C88007283CB /* SystemConfiguration.framework */; };
		358B18141ABC7C92007283CB /* libz.dylib in Frameworks */ = {isa = PBXBuildFile; fileRef = 358B18131ABC7C92007283CB /* libz.dylib */; };
		358B18161ABC7C98007283CB /* libsqlite3.dylib in Frameworks */ = {isa = PBXBuildFile; fileRef = 358B18151ABC7C98007283CB /* libsqlite3.dylib */; };
		358B181D1ABCABC6007283CB /* MapKit.framework in Frameworks */ = {isa = PBXBuildFile; fileRef = 358B181C1ABCABC6007283CB /* MapKit.framework */; };
		358B18201ABCB33B007283CB /* MBProgressHUD.m in Sources */ = {isa = PBXBuildFile; fileRef = 358B181F1ABCB33B007283CB /* MBProgressHUD.m */; };
		359187461AC4922F009E81B1 /* ParseFacebookUtilsV4.framework in Frameworks */ = {isa = PBXBuildFile; fileRef = 359187421AC4922F009E81B1 /* ParseFacebookUtilsV4.framework */; };
		359187481AC49243009E81B1 /* Bolts.framework in Frameworks */ = {isa = PBXBuildFile; fileRef = 359187471AC49243009E81B1 /* Bolts.framework */; };
		3591874C1AC4BBFA009E81B1 /* Parse.framework in Frameworks */ = {isa = PBXBuildFile; fileRef = 3591874B1AC4BBFA009E81B1 /* Parse.framework */; };
		3591874E1AC4BD0E009E81B1 /* ParseFacebookUtils.framework in Frameworks */ = {isa = PBXBuildFile; fileRef = 3591874D1AC4BD0E009E81B1 /* ParseFacebookUtils.framework */; };
		35C3A5FF1AC0B0040067BAAE /* MapViewController.m in Sources */ = {isa = PBXBuildFile; fileRef = 35C3A5FE1AC0B0040067BAAE /* MapViewController.m */; };
		35C3A6021AC0B0870067BAAE /* LocalAnnotation.m in Sources */ = {isa = PBXBuildFile; fileRef = 35C3A6011AC0B0870067BAAE /* LocalAnnotation.m */; };
		35C3A6041AC1D6590067BAAE /* More.storyboard in Resources */ = {isa = PBXBuildFile; fileRef = 35C3A6031AC1D6590067BAAE /* More.storyboard */; };
		35C3A6071AC1DEC10067BAAE /* MoreTableViewController.m in Sources */ = {isa = PBXBuildFile; fileRef = 35C3A6061AC1DEC10067BAAE /* MoreTableViewController.m */; };
		35FED4F91AC336F000E12E32 /* RegisterViewController.m in Sources */ = {isa = PBXBuildFile; fileRef = 35FED4F81AC336F000E12E32 /* RegisterViewController.m */; };
		35FED4FC1AC3393C00E12E32 /* LoginViewController.m in Sources */ = {isa = PBXBuildFile; fileRef = 35FED4FB1AC3393C00E12E32 /* LoginViewController.m */; };
		35FED4FF1AC3478000E12E32 /* LoggedMoreTableViewController.m in Sources */ = {isa = PBXBuildFile; fileRef = 35FED4FE1AC3478000E12E32 /* LoggedMoreTableViewController.m */; };
		402D37B61ACA5707002C0025 /* Localizable.strings in Resources */ = {isa = PBXBuildFile; fileRef = 402D37B81ACA5707002C0025 /* Localizable.strings */; };
		52362FE11ABE0D2B0079D117 /* CollectionViewCell.m in Sources */ = {isa = PBXBuildFile; fileRef = 52362FDE1ABE0D2B0079D117 /* CollectionViewCell.m */; };
		52362FE21ABE0D2B0079D117 /* CollectionViewController.m in Sources */ = {isa = PBXBuildFile; fileRef = 52362FE01ABE0D2B0079D117 /* CollectionViewController.m */; };
		52C1645A1AC48546008E8B2F /* CollectionViewCellHeader.m in Sources */ = {isa = PBXBuildFile; fileRef = 52C164591AC48546008E8B2F /* CollectionViewCellHeader.m */; };
		6222C89F1ABB47F1008B5970 /* main.m in Sources */ = {isa = PBXBuildFile; fileRef = 6222C89E1ABB47F1008B5970 /* main.m */; };
		6222C8A21ABB47F1008B5970 /* AppDelegate.m in Sources */ = {isa = PBXBuildFile; fileRef = 6222C8A11ABB47F1008B5970 /* AppDelegate.m */; };
		6222C8A51ABB47F1008B5970 /* MainViewController.m in Sources */ = {isa = PBXBuildFile; fileRef = 6222C8A41ABB47F1008B5970 /* MainViewController.m */; };
		6222C8A81ABB47F1008B5970 /* Main.storyboard in Resources */ = {isa = PBXBuildFile; fileRef = 6222C8A61ABB47F1008B5970 /* Main.storyboard */; };
		6222C8AA1ABB47F1008B5970 /* Images.xcassets in Resources */ = {isa = PBXBuildFile; fileRef = 6222C8A91ABB47F1008B5970 /* Images.xcassets */; };
		6222C8AD1ABB47F1008B5970 /* LaunchScreen.xib in Resources */ = {isa = PBXBuildFile; fileRef = 6222C8AB1ABB47F1008B5970 /* LaunchScreen.xib */; };
		6222C8B91ABB47F1008B5970 /* PivyTests.m in Sources */ = {isa = PBXBuildFile; fileRef = 6222C8B81ABB47F1008B5970 /* PivyTests.m */; };
		623C62461AC0CCFE003B9200 /* PivyDetailViewController.m in Sources */ = {isa = PBXBuildFile; fileRef = 623C62451AC0CCFE003B9200 /* PivyDetailViewController.m */; };
		62451E121AC9CC6B00C31557 /* DataManager.m in Sources */ = {isa = PBXBuildFile; fileRef = 62451E111AC9CC6B00C31557 /* DataManager.m */; };
		62451E171ACA4A8B00C31557 /* MainTutorialViewController.m in Sources */ = {isa = PBXBuildFile; fileRef = 62451E161ACA4A8B00C31557 /* MainTutorialViewController.m */; };
		62451E1E1ACADECA00C31557 /* AsyncImageView.m in Sources */ = {isa = PBXBuildFile; fileRef = 62451E1D1ACADECA00C31557 /* AsyncImageView.m */; };
		6292E17E1AC31F4200B28CE0 /* Reachability.m in Sources */ = {isa = PBXBuildFile; fileRef = 6292E17D1AC31F4200B28CE0 /* Reachability.m */; };
		6292E1821AC34AC500B28CE0 /* RWBlurPopover.m in Sources */ = {isa = PBXBuildFile; fileRef = 6292E1811AC34AC500B28CE0 /* RWBlurPopover.m */; };
		6292E1851AC34B3300B28CE0 /* RWBlurPopoverView.m in Sources */ = {isa = PBXBuildFile; fileRef = 6292E1841AC34B3300B28CE0 /* RWBlurPopoverView.m */; };
		62C98EB21AC5BFE1003E405B /* FacebookSDK.framework in Frameworks */ = {isa = PBXBuildFile; fileRef = 62C98EB11AC5BFE1003E405B /* FacebookSDK.framework */; };
		62C98EBB1AC5DB8A003E405B /* AppUtils.m in Sources */ = {isa = PBXBuildFile; fileRef = 62C98EBA1AC5DB8A003E405B /* AppUtils.m */; };
		62D5A2181ABB56A200464F29 /* Objeto.m in Sources */ = {isa = PBXBuildFile; fileRef = 62D5A2171ABB56A200464F29 /* Objeto.m */; };
		62D5A21B1ABB570200464F29 /* Pivy.m in Sources */ = {isa = PBXBuildFile; fileRef = 62D5A21A1ABB570200464F29 /* Pivy.m */; };
		62D5A21E1ABB571200464F29 /* Background.m in Sources */ = {isa = PBXBuildFile; fileRef = 62D5A21D1ABB571200464F29 /* Background.m */; };
		62ED49261AC5B974002CCE90 /* Gallery.m in Sources */ = {isa = PBXBuildFile; fileRef = 62ED49251AC5B974002CCE90 /* Gallery.m */; };
/* End PBXBuildFile section */

/* Begin PBXContainerItemProxy section */
		6222C8B31ABB47F1008B5970 /* PBXContainerItemProxy */ = {
			isa = PBXContainerItemProxy;
			containerPortal = 6222C8911ABB47F1008B5970 /* Project object */;
			proxyType = 1;
			remoteGlobalIDString = 6222C8981ABB47F1008B5970;
			remoteInfo = Pivy;
		};
/* End PBXContainerItemProxy section */

/* Begin PBXFileReference section */
		358B18011ABC7C39007283CB /* AudioToolbox.framework */ = {isa = PBXFileReference; lastKnownFileType = wrapper.framework; name = AudioToolbox.framework; path = System/Library/Frameworks/AudioToolbox.framework; sourceTree = SDKROOT; };
		358B18031ABC7C41007283CB /* CFNetwork.framework */ = {isa = PBXFileReference; lastKnownFileType = wrapper.framework; name = CFNetwork.framework; path = System/Library/Frameworks/CFNetwork.framework; sourceTree = SDKROOT; };
		358B18051ABC7C48007283CB /* CoreGraphics.framework */ = {isa = PBXFileReference; lastKnownFileType = wrapper.framework; name = CoreGraphics.framework; path = System/Library/Frameworks/CoreGraphics.framework; sourceTree = SDKROOT; };
		358B18071ABC7C4E007283CB /* CoreLocation.framework */ = {isa = PBXFileReference; lastKnownFileType = wrapper.framework; name = CoreLocation.framework; path = System/Library/Frameworks/CoreLocation.framework; sourceTree = SDKROOT; };
		358B18091ABC7C6E007283CB /* MobileCoreServices.framework */ = {isa = PBXFileReference; lastKnownFileType = wrapper.framework; name = MobileCoreServices.framework; path = System/Library/Frameworks/MobileCoreServices.framework; sourceTree = SDKROOT; };
		358B180B1ABC7C74007283CB /* QuartzCore.framework */ = {isa = PBXFileReference; lastKnownFileType = wrapper.framework; name = QuartzCore.framework; path = System/Library/Frameworks/QuartzCore.framework; sourceTree = SDKROOT; };
		358B180D1ABC7C7D007283CB /* Security.framework */ = {isa = PBXFileReference; lastKnownFileType = wrapper.framework; name = Security.framework; path = System/Library/Frameworks/Security.framework; sourceTree = SDKROOT; };
		358B180F1ABC7C82007283CB /* StoreKit.framework */ = {isa = PBXFileReference; lastKnownFileType = wrapper.framework; name = StoreKit.framework; path = System/Library/Frameworks/StoreKit.framework; sourceTree = SDKROOT; };
		358B18111ABC7C88007283CB /* SystemConfiguration.framework */ = {isa = PBXFileReference; lastKnownFileType = wrapper.framework; name = SystemConfiguration.framework; path = System/Library/Frameworks/SystemConfiguration.framework; sourceTree = SDKROOT; };
		358B18131ABC7C92007283CB /* libz.dylib */ = {isa = PBXFileReference; lastKnownFileType = "compiled.mach-o.dylib"; name = libz.dylib; path = usr/lib/libz.dylib; sourceTree = SDKROOT; };
		358B18151ABC7C98007283CB /* libsqlite3.dylib */ = {isa = PBXFileReference; lastKnownFileType = "compiled.mach-o.dylib"; name = libsqlite3.dylib; path = usr/lib/libsqlite3.dylib; sourceTree = SDKROOT; };
		358B181C1ABCABC6007283CB /* MapKit.framework */ = {isa = PBXFileReference; lastKnownFileType = wrapper.framework; name = MapKit.framework; path = System/Library/Frameworks/MapKit.framework; sourceTree = SDKROOT; };
		358B181E1ABCB33B007283CB /* MBProgressHUD.h */ = {isa = PBXFileReference; fileEncoding = 4; lastKnownFileType = sourcecode.c.h; name = MBProgressHUD.h; path = ../MBProgressHUD.h; sourceTree = "<group>"; };
		358B181F1ABCB33B007283CB /* MBProgressHUD.m */ = {isa = PBXFileReference; fileEncoding = 4; lastKnownFileType = sourcecode.c.objc; name = MBProgressHUD.m; path = ../MBProgressHUD.m; sourceTree = "<group>"; };
		359187421AC4922F009E81B1 /* ParseFacebookUtilsV4.framework */ = {isa = PBXFileReference; lastKnownFileType = wrapper.framework; path = ParseFacebookUtilsV4.framework; sourceTree = "<group>"; };
		359187471AC49243009E81B1 /* Bolts.framework */ = {isa = PBXFileReference; lastKnownFileType = wrapper.framework; path = Bolts.framework; sourceTree = "<group>"; };
		3591874B1AC4BBFA009E81B1 /* Parse.framework */ = {isa = PBXFileReference; lastKnownFileType = wrapper.framework; path = Parse.framework; sourceTree = "<group>"; };
		3591874D1AC4BD0E009E81B1 /* ParseFacebookUtils.framework */ = {isa = PBXFileReference; lastKnownFileType = wrapper.framework; path = ParseFacebookUtils.framework; sourceTree = "<group>"; };
		35C3A5FD1AC0B0040067BAAE /* MapViewController.h */ = {isa = PBXFileReference; fileEncoding = 4; lastKnownFileType = sourcecode.c.h; path = MapViewController.h; sourceTree = "<group>"; };
		35C3A5FE1AC0B0040067BAAE /* MapViewController.m */ = {isa = PBXFileReference; fileEncoding = 4; lastKnownFileType = sourcecode.c.objc; path = MapViewController.m; sourceTree = "<group>"; };
		35C3A6001AC0B0870067BAAE /* LocalAnnotation.h */ = {isa = PBXFileReference; fileEncoding = 4; lastKnownFileType = sourcecode.c.h; path = LocalAnnotation.h; sourceTree = "<group>"; };
		35C3A6011AC0B0870067BAAE /* LocalAnnotation.m */ = {isa = PBXFileReference; fileEncoding = 4; lastKnownFileType = sourcecode.c.objc; path = LocalAnnotation.m; sourceTree = "<group>"; };
		35C3A6031AC1D6590067BAAE /* More.storyboard */ = {isa = PBXFileReference; fileEncoding = 4; lastKnownFileType = file.storyboard; path = More.storyboard; sourceTree = "<group>"; };
		35C3A6051AC1DEC10067BAAE /* MoreTableViewController.h */ = {isa = PBXFileReference; fileEncoding = 4; lastKnownFileType = sourcecode.c.h; path = MoreTableViewController.h; sourceTree = "<group>"; };
		35C3A6061AC1DEC10067BAAE /* MoreTableViewController.m */ = {isa = PBXFileReference; fileEncoding = 4; lastKnownFileType = sourcecode.c.objc; path = MoreTableViewController.m; sourceTree = "<group>"; };
		35FED4F71AC336F000E12E32 /* RegisterViewController.h */ = {isa = PBXFileReference; fileEncoding = 4; lastKnownFileType = sourcecode.c.h; path = RegisterViewController.h; sourceTree = "<group>"; };
		35FED4F81AC336F000E12E32 /* RegisterViewController.m */ = {isa = PBXFileReference; fileEncoding = 4; lastKnownFileType = sourcecode.c.objc; path = RegisterViewController.m; sourceTree = "<group>"; };
		35FED4FA1AC3393C00E12E32 /* LoginViewController.h */ = {isa = PBXFileReference; fileEncoding = 4; lastKnownFileType = sourcecode.c.h; name = LoginViewController.h; path = ../LoginViewController.h; sourceTree = "<group>"; };
		35FED4FB1AC3393C00E12E32 /* LoginViewController.m */ = {isa = PBXFileReference; fileEncoding = 4; lastKnownFileType = sourcecode.c.objc; name = LoginViewController.m; path = ../LoginViewController.m; sourceTree = "<group>"; };
		35FED4FD1AC3478000E12E32 /* LoggedMoreTableViewController.h */ = {isa = PBXFileReference; fileEncoding = 4; lastKnownFileType = sourcecode.c.h; path = LoggedMoreTableViewController.h; sourceTree = "<group>"; };
		35FED4FE1AC3478000E12E32 /* LoggedMoreTableViewController.m */ = {isa = PBXFileReference; fileEncoding = 4; lastKnownFileType = sourcecode.c.objc; path = LoggedMoreTableViewController.m; sourceTree = "<group>"; };
		402D37B41ACA56B0002C0025 /* pt */ = {isa = PBXFileReference; lastKnownFileType = text.plist.strings; name = pt; path = pt.lproj/LaunchScreen.strings; sourceTree = "<group>"; };
		402D37B51ACA56B0002C0025 /* pt */ = {isa = PBXFileReference; lastKnownFileType = text.plist.strings; name = pt; path = pt.lproj/Main.strings; sourceTree = "<group>"; };
		402D37B71ACA5707002C0025 /* en */ = {isa = PBXFileReference; lastKnownFileType = text.plist.strings; name = en; path = en.lproj/Localizable.strings; sourceTree = "<group>"; };
		402D37B91ACA5720002C0025 /* Base */ = {isa = PBXFileReference; lastKnownFileType = text.plist.strings; name = Base; path = Base.lproj/Localizable.strings; sourceTree = "<group>"; };
		402D37BA1ACA5722002C0025 /* pt */ = {isa = PBXFileReference; lastKnownFileType = text.plist.strings; name = pt; path = pt.lproj/Localizable.strings; sourceTree = "<group>"; };
		52362FDD1ABE0D030079D117 /* CollectionViewCell.h */ = {isa = PBXFileReference; fileEncoding = 4; lastKnownFileType = sourcecode.c.h; path = CollectionViewCell.h; sourceTree = "<group>"; };
		52362FDE1ABE0D2B0079D117 /* CollectionViewCell.m */ = {isa = PBXFileReference; fileEncoding = 4; lastKnownFileType = sourcecode.c.objc; path = CollectionViewCell.m; sourceTree = "<group>"; };
		52362FDF1ABE0D2B0079D117 /* CollectionViewController.h */ = {isa = PBXFileReference; fileEncoding = 4; lastKnownFileType = sourcecode.c.h; path = CollectionViewController.h; sourceTree = "<group>"; };
		52362FE01ABE0D2B0079D117 /* CollectionViewController.m */ = {isa = PBXFileReference; fileEncoding = 4; lastKnownFileType = sourcecode.c.objc; path = CollectionViewController.m; sourceTree = "<group>"; };
		52C164581AC48546008E8B2F /* CollectionViewCellHeader.h */ = {isa = PBXFileReference; fileEncoding = 4; lastKnownFileType = sourcecode.c.h; path = CollectionViewCellHeader.h; sourceTree = "<group>"; };
		52C164591AC48546008E8B2F /* CollectionViewCellHeader.m */ = {isa = PBXFileReference; fileEncoding = 4; lastKnownFileType = sourcecode.c.objc; path = CollectionViewCellHeader.m; sourceTree = "<group>"; };
		52C1645D1AC59DFE008E8B2F /* FBSDKCoreKit.framework */ = {isa = PBXFileReference; lastKnownFileType = wrapper.framework; name = FBSDKCoreKit.framework; path = ../FacebookSDK/FBSDKCoreKit.framework; sourceTree = "<group>"; };
		52E2B71F1ACB0F49008B62E5 /* fr */ = {isa = PBXFileReference; lastKnownFileType = text.plist.strings; name = fr; path = fr.lproj/Localizable.strings; sourceTree = "<group>"; };
		52E2B7201ACB0F49008B62E5 /* fr */ = {isa = PBXFileReference; lastKnownFileType = text.plist.strings; name = fr; path = fr.lproj/LaunchScreen.strings; sourceTree = "<group>"; };
		52E2B7211ACB0F49008B62E5 /* fr */ = {isa = PBXFileReference; lastKnownFileType = text.plist.strings; name = fr; path = fr.lproj/Main.strings; sourceTree = "<group>"; };
		6222C8991ABB47F1008B5970 /* Pivy.app */ = {isa = PBXFileReference; explicitFileType = wrapper.application; includeInIndex = 0; path = Pivy.app; sourceTree = BUILT_PRODUCTS_DIR; };
		6222C89D1ABB47F1008B5970 /* Info.plist */ = {isa = PBXFileReference; lastKnownFileType = text.plist.xml; path = Info.plist; sourceTree = "<group>"; };
		6222C89E1ABB47F1008B5970 /* main.m */ = {isa = PBXFileReference; lastKnownFileType = sourcecode.c.objc; path = main.m; sourceTree = "<group>"; };
		6222C8A01ABB47F1008B5970 /* AppDelegate.h */ = {isa = PBXFileReference; lastKnownFileType = sourcecode.c.h; path = AppDelegate.h; sourceTree = "<group>"; };
		6222C8A11ABB47F1008B5970 /* AppDelegate.m */ = {isa = PBXFileReference; lastKnownFileType = sourcecode.c.objc; path = AppDelegate.m; sourceTree = "<group>"; };
		6222C8A31ABB47F1008B5970 /* MainViewController.h */ = {isa = PBXFileReference; lastKnownFileType = sourcecode.c.h; path = MainViewController.h; sourceTree = "<group>"; };
		6222C8A41ABB47F1008B5970 /* MainViewController.m */ = {isa = PBXFileReference; lastKnownFileType = sourcecode.c.objc; path = MainViewController.m; sourceTree = "<group>"; };
		6222C8A71ABB47F1008B5970 /* Base */ = {isa = PBXFileReference; lastKnownFileType = file.storyboard; name = Base; path = Base.lproj/Main.storyboard; sourceTree = "<group>"; };
		6222C8A91ABB47F1008B5970 /* Images.xcassets */ = {isa = PBXFileReference; lastKnownFileType = folder.assetcatalog; path = Images.xcassets; sourceTree = "<group>"; };
		6222C8AC1ABB47F1008B5970 /* Base */ = {isa = PBXFileReference; lastKnownFileType = file.xib; name = Base; path = Base.lproj/LaunchScreen.xib; sourceTree = "<group>"; };
		6222C8B21ABB47F1008B5970 /* PivyTests.xctest */ = {isa = PBXFileReference; explicitFileType = wrapper.cfbundle; includeInIndex = 0; path = PivyTests.xctest; sourceTree = BUILT_PRODUCTS_DIR; };
		6222C8B71ABB47F1008B5970 /* Info.plist */ = {isa = PBXFileReference; lastKnownFileType = text.plist.xml; path = Info.plist; sourceTree = "<group>"; };
		6222C8B81ABB47F1008B5970 /* PivyTests.m */ = {isa = PBXFileReference; lastKnownFileType = sourcecode.c.objc; path = PivyTests.m; sourceTree = "<group>"; };
		623C62441AC0CCFE003B9200 /* PivyDetailViewController.h */ = {isa = PBXFileReference; fileEncoding = 4; lastKnownFileType = sourcecode.c.h; path = PivyDetailViewController.h; sourceTree = "<group>"; };
		623C62451AC0CCFE003B9200 /* PivyDetailViewController.m */ = {isa = PBXFileReference; fileEncoding = 4; lastKnownFileType = sourcecode.c.objc; path = PivyDetailViewController.m; sourceTree = "<group>"; };
		62451E101AC9CC6B00C31557 /* DataManager.h */ = {isa = PBXFileReference; fileEncoding = 4; lastKnownFileType = sourcecode.c.h; path = DataManager.h; sourceTree = "<group>"; };
		62451E111AC9CC6B00C31557 /* DataManager.m */ = {isa = PBXFileReference; fileEncoding = 4; lastKnownFileType = sourcecode.c.objc; path = DataManager.m; sourceTree = "<group>"; };
		62451E151ACA4A8B00C31557 /* MainTutorialViewController.h */ = {isa = PBXFileReference; fileEncoding = 4; lastKnownFileType = sourcecode.c.h; path = MainTutorialViewController.h; sourceTree = "<group>"; };
		62451E161ACA4A8B00C31557 /* MainTutorialViewController.m */ = {isa = PBXFileReference; fileEncoding = 4; lastKnownFileType = sourcecode.c.objc; path = MainTutorialViewController.m; sourceTree = "<group>"; };
		62451E181ACA4AA600C31557 /* Tutorial.storyboard */ = {isa = PBXFileReference; fileEncoding = 4; lastKnownFileType = file.storyboard; path = Tutorial.storyboard; sourceTree = "<group>"; };
		62451E1C1ACADECA00C31557 /* AsyncImageView.h */ = {isa = PBXFileReference; fileEncoding = 4; lastKnownFileType = sourcecode.c.h; path = AsyncImageView.h; sourceTree = "<group>"; };
		62451E1D1ACADECA00C31557 /* AsyncImageView.m */ = {isa = PBXFileReference; fileEncoding = 4; lastKnownFileType = sourcecode.c.objc; path = AsyncImageView.m; sourceTree = "<group>"; };
		6292E17C1AC31F4200B28CE0 /* Reachability.h */ = {isa = PBXFileReference; fileEncoding = 4; lastKnownFileType = sourcecode.c.h; path = Reachability.h; sourceTree = "<group>"; };
		6292E17D1AC31F4200B28CE0 /* Reachability.m */ = {isa = PBXFileReference; fileEncoding = 4; lastKnownFileType = sourcecode.c.objc; path = Reachability.m; sourceTree = "<group>"; };
		6292E1801AC34AC500B28CE0 /* RWBlurPopover.h */ = {isa = PBXFileReference; fileEncoding = 4; lastKnownFileType = sourcecode.c.h; path = RWBlurPopover.h; sourceTree = "<group>"; };
		6292E1811AC34AC500B28CE0 /* RWBlurPopover.m */ = {isa = PBXFileReference; fileEncoding = 4; lastKnownFileType = sourcecode.c.objc; path = RWBlurPopover.m; sourceTree = "<group>"; };
		6292E1831AC34B3300B28CE0 /* RWBlurPopoverView.h */ = {isa = PBXFileReference; fileEncoding = 4; lastKnownFileType = sourcecode.c.h; path = RWBlurPopoverView.h; sourceTree = "<group>"; };
		6292E1841AC34B3300B28CE0 /* RWBlurPopoverView.m */ = {isa = PBXFileReference; fileEncoding = 4; lastKnownFileType = sourcecode.c.objc; path = RWBlurPopoverView.m; sourceTree = "<group>"; };
		62C98EB11AC5BFE1003E405B /* FacebookSDK.framework */ = {isa = PBXFileReference; lastKnownFileType = wrapper.framework; path = FacebookSDK.framework; sourceTree = "<group>"; };
		62C98EB91AC5DB8A003E405B /* AppUtils.h */ = {isa = PBXFileReference; fileEncoding = 4; lastKnownFileType = sourcecode.c.h; path = AppUtils.h; sourceTree = "<group>"; };
		62C98EBA1AC5DB8A003E405B /* AppUtils.m */ = {isa = PBXFileReference; fileEncoding = 4; lastKnownFileType = sourcecode.c.objc; path = AppUtils.m; sourceTree = "<group>"; };
		62D5A2161ABB56A200464F29 /* Objeto.h */ = {isa = PBXFileReference; fileEncoding = 4; lastKnownFileType = sourcecode.c.h; path = Objeto.h; sourceTree = "<group>"; };
		62D5A2171ABB56A200464F29 /* Objeto.m */ = {isa = PBXFileReference; fileEncoding = 4; lastKnownFileType = sourcecode.c.objc; path = Objeto.m; sourceTree = "<group>"; };
		62D5A2191ABB570200464F29 /* Pivy.h */ = {isa = PBXFileReference; fileEncoding = 4; lastKnownFileType = sourcecode.c.h; path = Pivy.h; sourceTree = "<group>"; };
		62D5A21A1ABB570200464F29 /* Pivy.m */ = {isa = PBXFileReference; fileEncoding = 4; lastKnownFileType = sourcecode.c.objc; path = Pivy.m; sourceTree = "<group>"; };
		62D5A21C1ABB571200464F29 /* Background.h */ = {isa = PBXFileReference; fileEncoding = 4; lastKnownFileType = sourcecode.c.h; path = Background.h; sourceTree = "<group>"; };
		62D5A21D1ABB571200464F29 /* Background.m */ = {isa = PBXFileReference; fileEncoding = 4; lastKnownFileType = sourcecode.c.objc; path = Background.m; sourceTree = "<group>"; };
		62ED49241AC5B974002CCE90 /* Gallery.h */ = {isa = PBXFileReference; fileEncoding = 4; lastKnownFileType = sourcecode.c.h; path = Gallery.h; sourceTree = "<group>"; };
		62ED49251AC5B974002CCE90 /* Gallery.m */ = {isa = PBXFileReference; fileEncoding = 4; lastKnownFileType = sourcecode.c.objc; path = Gallery.m; sourceTree = "<group>"; };
/* End PBXFileReference section */

/* Begin PBXFrameworksBuildPhase section */
		6222C8961ABB47F1008B5970 /* Frameworks */ = {
			isa = PBXFrameworksBuildPhase;
			buildActionMask = 2147483647;
			files = (
				359187481AC49243009E81B1 /* Bolts.framework in Frameworks */,
				358B181D1ABCABC6007283CB /* MapKit.framework in Frameworks */,
				358B18161ABC7C98007283CB /* libsqlite3.dylib in Frameworks */,
				358B18141ABC7C92007283CB /* libz.dylib in Frameworks */,
				358B18121ABC7C88007283CB /* SystemConfiguration.framework in Frameworks */,
				3591874E1AC4BD0E009E81B1 /* ParseFacebookUtils.framework in Frameworks */,
				3591874C1AC4BBFA009E81B1 /* Parse.framework in Frameworks */,
				358B18101ABC7C82007283CB /* StoreKit.framework in Frameworks */,
				62C98EB21AC5BFE1003E405B /* FacebookSDK.framework in Frameworks */,
				358B180E1ABC7C7D007283CB /* Security.framework in Frameworks */,
				358B180C1ABC7C74007283CB /* QuartzCore.framework in Frameworks */,
				358B180A1ABC7C6F007283CB /* MobileCoreServices.framework in Frameworks */,
				359187461AC4922F009E81B1 /* ParseFacebookUtilsV4.framework in Frameworks */,
				358B18081ABC7C4E007283CB /* CoreLocation.framework in Frameworks */,
				358B18061ABC7C48007283CB /* CoreGraphics.framework in Frameworks */,
				358B18041ABC7C41007283CB /* CFNetwork.framework in Frameworks */,
				358B18021ABC7C39007283CB /* AudioToolbox.framework in Frameworks */,
			);
			runOnlyForDeploymentPostprocessing = 0;
		};
		6222C8AF1ABB47F1008B5970 /* Frameworks */ = {
			isa = PBXFrameworksBuildPhase;
			buildActionMask = 2147483647;
			files = (
			);
			runOnlyForDeploymentPostprocessing = 0;
		};
/* End PBXFrameworksBuildPhase section */

/* Begin PBXGroup section */
		52C1645C1AC4859C008E8B2F /* Collection */ = {
			isa = PBXGroup;
			children = (
				52C164581AC48546008E8B2F /* CollectionViewCellHeader.h */,
				52C164591AC48546008E8B2F /* CollectionViewCellHeader.m */,
				52362FDD1ABE0D030079D117 /* CollectionViewCell.h */,
				52362FDE1ABE0D2B0079D117 /* CollectionViewCell.m */,
			);
			name = Collection;
			sourceTree = "<group>";
		};
		52C1645F1AC5A4E7008E8B2F /* Detail */ = {
			isa = PBXGroup;
			children = (
				623C62441AC0CCFE003B9200 /* PivyDetailViewController.h */,
				623C62451AC0CCFE003B9200 /* PivyDetailViewController.m */,
			);
			name = Detail;
			sourceTree = "<group>";
		};
		6222C8901ABB47F1008B5970 = {
			isa = PBXGroup;
			children = (
				62D5A2211ABB5D1600464F29 /* Frameworks */,
				6222C89B1ABB47F1008B5970 /* Pivy */,
				6222C8B51ABB47F1008B5970 /* PivyTests */,
				6222C89A1ABB47F1008B5970 /* Products */,
			);
			sourceTree = "<group>";
		};
		6222C89A1ABB47F1008B5970 /* Products */ = {
			isa = PBXGroup;
			children = (
				6222C8991ABB47F1008B5970 /* Pivy.app */,
				6222C8B21ABB47F1008B5970 /* PivyTests.xctest */,
			);
			name = Products;
			sourceTree = "<group>";
		};
		6222C89B1ABB47F1008B5970 /* Pivy */ = {
			isa = PBXGroup;
			children = (
				6222C8A01ABB47F1008B5970 /* AppDelegate.h */,
				6222C8A11ABB47F1008B5970 /* AppDelegate.m */,
				6292E1761AC30AFE00B28CE0 /* Controllers */,
				62D5A2111ABB560100464F29 /* Models */,
				6222C89C1ABB47F1008B5970 /* Supporting Files */,
				6292E17B1AC31F3400B28CE0 /* Utils */,
				6292E1771AC30B1D00B28CE0 /* Views */,
			);
			path = Pivy;
			sourceTree = "<group>";
		};
		6222C89C1ABB47F1008B5970 /* Supporting Files */ = {
			isa = PBXGroup;
			children = (
				402D37B81ACA5707002C0025 /* Localizable.strings */,
				6222C8A91ABB47F1008B5970 /* Images.xcassets */,
				6222C89D1ABB47F1008B5970 /* Info.plist */,
				6222C89E1ABB47F1008B5970 /* main.m */,
			);
			name = "Supporting Files";
			sourceTree = "<group>";
		};
		6222C8B51ABB47F1008B5970 /* PivyTests */ = {
			isa = PBXGroup;
			children = (
				6222C8B81ABB47F1008B5970 /* PivyTests.m */,
				6222C8B61ABB47F1008B5970 /* Supporting Files */,
			);
			path = PivyTests;
			sourceTree = "<group>";
		};
		6222C8B61ABB47F1008B5970 /* Supporting Files */ = {
			isa = PBXGroup;
			children = (
				6222C8B71ABB47F1008B5970 /* Info.plist */,
			);
			name = "Supporting Files";
			sourceTree = "<group>";
		};
		62451E1A1ACA4AB400C31557 /* Tutorial */ = {
			isa = PBXGroup;
			children = (
				62451E151ACA4A8B00C31557 /* MainTutorialViewController.h */,
				62451E161ACA4A8B00C31557 /* MainTutorialViewController.m */,
			);
			name = Tutorial;
			sourceTree = "<group>";
		};
		62451E1B1ACADECA00C31557 /* AsyncImageView */ = {
			isa = PBXGroup;
			children = (
				62451E1C1ACADECA00C31557 /* AsyncImageView.h */,
				62451E1D1ACADECA00C31557 /* AsyncImageView.m */,
			);
			path = AsyncImageView;
			sourceTree = "<group>";
		};
		627B17411AC7749800C81E90 /* DataManager */ = {
			isa = PBXGroup;
			children = (
				62451E101AC9CC6B00C31557 /* DataManager.h */,
				62451E111AC9CC6B00C31557 /* DataManager.m */,
			);
			name = DataManager;
			sourceTree = "<group>";
		};
		6292E1761AC30AFE00B28CE0 /* Controllers */ = {
			isa = PBXGroup;
			children = (
				62451E1A1ACA4AB400C31557 /* Tutorial */,
				627B17411AC7749800C81E90 /* DataManager */,
				52C1645F1AC5A4E7008E8B2F /* Detail */,
				6292E17F1AC320ED00B28CE0 /* Main */,
				6292E17A1AC30B7D00B28CE0 /* More */,
				6292E1791AC30B7400B28CE0 /* Map */,
				6292E1781AC30B6500B28CE0 /* Collection */,
			);
			name = Controllers;
			sourceTree = "<group>";
		};
		6292E1771AC30B1D00B28CE0 /* Views */ = {
			isa = PBXGroup;
			children = (
				52C1645C1AC4859C008E8B2F /* Collection */,
				62451E181ACA4AA600C31557 /* Tutorial.storyboard */,
				6222C8AB1ABB47F1008B5970 /* LaunchScreen.xib */,
				6222C8A61ABB47F1008B5970 /* Main.storyboard */,
				35C3A6031AC1D6590067BAAE /* More.storyboard */,
			);
			name = Views;
			sourceTree = "<group>";
		};
		6292E1781AC30B6500B28CE0 /* Collection */ = {
			isa = PBXGroup;
			children = (
				52362FDF1ABE0D2B0079D117 /* CollectionViewController.h */,
				52362FE01ABE0D2B0079D117 /* CollectionViewController.m */,
			);
			name = Collection;
			sourceTree = "<group>";
		};
		6292E1791AC30B7400B28CE0 /* Map */ = {
			isa = PBXGroup;
			children = (
				35C3A5FD1AC0B0040067BAAE /* MapViewController.h */,
				35C3A5FE1AC0B0040067BAAE /* MapViewController.m */,
			);
			name = Map;
			sourceTree = "<group>";
		};
		6292E17A1AC30B7D00B28CE0 /* More */ = {
			isa = PBXGroup;
			children = (
				35C3A6051AC1DEC10067BAAE /* MoreTableViewController.h */,
				35C3A6061AC1DEC10067BAAE /* MoreTableViewController.m */,
				35FED4FD1AC3478000E12E32 /* LoggedMoreTableViewController.h */,
				35FED4FE1AC3478000E12E32 /* LoggedMoreTableViewController.m */,
				35FED4FA1AC3393C00E12E32 /* LoginViewController.h */,
				35FED4FB1AC3393C00E12E32 /* LoginViewController.m */,
				35FED4F71AC336F000E12E32 /* RegisterViewController.h */,
				35FED4F81AC336F000E12E32 /* RegisterViewController.m */,
			);
			name = More;
			sourceTree = "<group>";
		};
		6292E17B1AC31F3400B28CE0 /* Utils */ = {
			isa = PBXGroup;
			children = (
				62451E1B1ACADECA00C31557 /* AsyncImageView */,
				62C98EB91AC5DB8A003E405B /* AppUtils.h */,
				62C98EBA1AC5DB8A003E405B /* AppUtils.m */,
				6292E1831AC34B3300B28CE0 /* RWBlurPopoverView.h */,
				6292E1841AC34B3300B28CE0 /* RWBlurPopoverView.m */,
				6292E1801AC34AC500B28CE0 /* RWBlurPopover.h */,
				6292E1811AC34AC500B28CE0 /* RWBlurPopover.m */,
				358B181E1ABCB33B007283CB /* MBProgressHUD.h */,
				358B181F1ABCB33B007283CB /* MBProgressHUD.m */,
				6292E17C1AC31F4200B28CE0 /* Reachability.h */,
				6292E17D1AC31F4200B28CE0 /* Reachability.m */,
			);
			name = Utils;
			sourceTree = "<group>";
		};
		6292E17F1AC320ED00B28CE0 /* Main */ = {
			isa = PBXGroup;
			children = (
				6222C8A31ABB47F1008B5970 /* MainViewController.h */,
				6222C8A41ABB47F1008B5970 /* MainViewController.m */,
			);
			name = Main;
			sourceTree = "<group>";
		};
		62D5A2111ABB560100464F29 /* Models */ = {
			isa = PBXGroup;
			children = (
				62ED49241AC5B974002CCE90 /* Gallery.h */,
				62ED49251AC5B974002CCE90 /* Gallery.m */,
				35C3A6001AC0B0870067BAAE /* LocalAnnotation.h */,
				35C3A6011AC0B0870067BAAE /* LocalAnnotation.m */,
				62D5A2161ABB56A200464F29 /* Objeto.h */,
				62D5A2171ABB56A200464F29 /* Objeto.m */,
				62D5A2191ABB570200464F29 /* Pivy.h */,
				62D5A21A1ABB570200464F29 /* Pivy.m */,
				62D5A21C1ABB571200464F29 /* Background.h */,
				62D5A21D1ABB571200464F29 /* Background.m */,
			);
			name = Models;
			sourceTree = "<group>";
		};
		62D5A2211ABB5D1600464F29 /* Frameworks */ = {
			isa = PBXGroup;
			children = (
				62D5A2231ABB5D2500464F29 /* System Frameworks */,
				62D5A2221ABB5D1D00464F29 /* User Frameworks */,
			);
			name = Frameworks;
			sourceTree = "<group>";
		};
		62D5A2221ABB5D1D00464F29 /* User Frameworks */ = {
			isa = PBXGroup;
			children = (
				62C98EB11AC5BFE1003E405B /* FacebookSDK.framework */,
				3591874D1AC4BD0E009E81B1 /* ParseFacebookUtils.framework */,
				3591874B1AC4BBFA009E81B1 /* Parse.framework */,
				359187471AC49243009E81B1 /* Bolts.framework */,
				359187421AC4922F009E81B1 /* ParseFacebookUtilsV4.framework */,
			);
			name = "User Frameworks";
			sourceTree = "<group>";
		};
		62D5A2231ABB5D2500464F29 /* System Frameworks */ = {
			isa = PBXGroup;
			children = (
				52C1645D1AC59DFE008E8B2F /* FBSDKCoreKit.framework */,
				358B181C1ABCABC6007283CB /* MapKit.framework */,
				358B18151ABC7C98007283CB /* libsqlite3.dylib */,
				358B18131ABC7C92007283CB /* libz.dylib */,
				358B18111ABC7C88007283CB /* SystemConfiguration.framework */,
				358B180F1ABC7C82007283CB /* StoreKit.framework */,
				358B180D1ABC7C7D007283CB /* Security.framework */,
				358B180B1ABC7C74007283CB /* QuartzCore.framework */,
				358B18091ABC7C6E007283CB /* MobileCoreServices.framework */,
				358B18071ABC7C4E007283CB /* CoreLocation.framework */,
				358B18051ABC7C48007283CB /* CoreGraphics.framework */,
				358B18031ABC7C41007283CB /* CFNetwork.framework */,
				358B18011ABC7C39007283CB /* AudioToolbox.framework */,
			);
			name = "System Frameworks";
			sourceTree = "<group>";
		};
/* End PBXGroup section */

/* Begin PBXNativeTarget section */
		6222C8981ABB47F1008B5970 /* Pivy */ = {
			isa = PBXNativeTarget;
			buildConfigurationList = 6222C8BC1ABB47F1008B5970 /* Build configuration list for PBXNativeTarget "Pivy" */;
			buildPhases = (
				6222C8951ABB47F1008B5970 /* Sources */,
				6222C8961ABB47F1008B5970 /* Frameworks */,
				6222C8971ABB47F1008B5970 /* Resources */,
			);
			buildRules = (
			);
			dependencies = (
			);
			name = Pivy;
			productName = Pivy;
			productReference = 6222C8991ABB47F1008B5970 /* Pivy.app */;
			productType = "com.apple.product-type.application";
		};
		6222C8B11ABB47F1008B5970 /* PivyTests */ = {
			isa = PBXNativeTarget;
			buildConfigurationList = 6222C8BF1ABB47F1008B5970 /* Build configuration list for PBXNativeTarget "PivyTests" */;
			buildPhases = (
				6222C8AE1ABB47F1008B5970 /* Sources */,
				6222C8AF1ABB47F1008B5970 /* Frameworks */,
				6222C8B01ABB47F1008B5970 /* Resources */,
			);
			buildRules = (
			);
			dependencies = (
				6222C8B41ABB47F1008B5970 /* PBXTargetDependency */,
			);
			name = PivyTests;
			productName = PivyTests;
			productReference = 6222C8B21ABB47F1008B5970 /* PivyTests.xctest */;
			productType = "com.apple.product-type.bundle.unit-test";
		};
/* End PBXNativeTarget section */

/* Begin PBXProject section */
		6222C8911ABB47F1008B5970 /* Project object */ = {
			isa = PBXProject;
			attributes = {
				LastUpgradeCheck = 0620;
				ORGANIZATIONNAME = "Henrique Valcanaia";
				TargetAttributes = {
					6222C8981ABB47F1008B5970 = {
						CreatedOnToolsVersion = 6.2;
						DevelopmentTeam = 29P59JP27S;
					};
					6222C8B11ABB47F1008B5970 = {
						CreatedOnToolsVersion = 6.2;
						DevelopmentTeam = YYWFQ73E8M;
						TestTargetID = 6222C8981ABB47F1008B5970;
					};
				};
			};
			buildConfigurationList = 6222C8941ABB47F1008B5970 /* Build configuration list for PBXProject "Pivy" */;
			compatibilityVersion = "Xcode 3.2";
			developmentRegion = English;
			hasScannedForEncodings = 0;
			knownRegions = (
				en,
				Base,
				pt,
				fr,
			);
			mainGroup = 6222C8901ABB47F1008B5970;
			productRefGroup = 6222C89A1ABB47F1008B5970 /* Products */;
			projectDirPath = "";
			projectRoot = "";
			targets = (
				6222C8981ABB47F1008B5970 /* Pivy */,
				6222C8B11ABB47F1008B5970 /* PivyTests */,
			);
		};
/* End PBXProject section */

/* Begin PBXResourcesBuildPhase section */
		6222C8971ABB47F1008B5970 /* Resources */ = {
			isa = PBXResourcesBuildPhase;
			buildActionMask = 2147483647;
			files = (
				402D37B61ACA5707002C0025 /* Localizable.strings in Resources */,
				6222C8A81ABB47F1008B5970 /* Main.storyboard in Resources */,
				35C3A6041AC1D6590067BAAE /* More.storyboard in Resources */,
				6222C8AD1ABB47F1008B5970 /* LaunchScreen.xib in Resources */,
				6222C8AA1ABB47F1008B5970 /* Images.xcassets in Resources */,
			);
			runOnlyForDeploymentPostprocessing = 0;
		};
		6222C8B01ABB47F1008B5970 /* Resources */ = {
			isa = PBXResourcesBuildPhase;
			buildActionMask = 2147483647;
			files = (
			);
			runOnlyForDeploymentPostprocessing = 0;
		};
/* End PBXResourcesBuildPhase section */

/* Begin PBXSourcesBuildPhase section */
		6222C8951ABB47F1008B5970 /* Sources */ = {
			isa = PBXSourcesBuildPhase;
			buildActionMask = 2147483647;
			files = (
				6292E1851AC34B3300B28CE0 /* RWBlurPopoverView.m in Sources */,
				35C3A6071AC1DEC10067BAAE /* MoreTableViewController.m in Sources */,
				62D5A21B1ABB570200464F29 /* Pivy.m in Sources */,
				62D5A21E1ABB571200464F29 /* Background.m in Sources */,
				6292E1821AC34AC500B28CE0 /* RWBlurPopover.m in Sources */,
				35C3A6021AC0B0870067BAAE /* LocalAnnotation.m in Sources */,
				62C98EBB1AC5DB8A003E405B /* AppUtils.m in Sources */,
				6292E17E1AC31F4200B28CE0 /* Reachability.m in Sources */,
				6222C8A51ABB47F1008B5970 /* MainViewController.m in Sources */,
				52362FE11ABE0D2B0079D117 /* CollectionViewCell.m in Sources */,
				35FED4FC1AC3393C00E12E32 /* LoginViewController.m in Sources */,
				6222C8A21ABB47F1008B5970 /* AppDelegate.m in Sources */,
				35FED4FF1AC3478000E12E32 /* LoggedMoreTableViewController.m in Sources */,
				35FED4F91AC336F000E12E32 /* RegisterViewController.m in Sources */,
				62D5A2181ABB56A200464F29 /* Objeto.m in Sources */,
				6222C89F1ABB47F1008B5970 /* main.m in Sources */,
				62451E121AC9CC6B00C31557 /* DataManager.m in Sources */,
				623C62461AC0CCFE003B9200 /* PivyDetailViewController.m in Sources */,
				52C1645A1AC48546008E8B2F /* CollectionViewCellHeader.m in Sources */,
				52362FE21ABE0D2B0079D117 /* CollectionViewController.m in Sources */,
				358B18201ABCB33B007283CB /* MBProgressHUD.m in Sources */,
				62451E171ACA4A8B00C31557 /* MainTutorialViewController.m in Sources */,
				62ED49261AC5B974002CCE90 /* Gallery.m in Sources */,
				35C3A5FF1AC0B0040067BAAE /* MapViewController.m in Sources */,
				62451E1E1ACADECA00C31557 /* AsyncImageView.m in Sources */,
			);
			runOnlyForDeploymentPostprocessing = 0;
		};
		6222C8AE1ABB47F1008B5970 /* Sources */ = {
			isa = PBXSourcesBuildPhase;
			buildActionMask = 2147483647;
			files = (
				6222C8B91ABB47F1008B5970 /* PivyTests.m in Sources */,
			);
			runOnlyForDeploymentPostprocessing = 0;
		};
/* End PBXSourcesBuildPhase section */

/* Begin PBXTargetDependency section */
		6222C8B41ABB47F1008B5970 /* PBXTargetDependency */ = {
			isa = PBXTargetDependency;
			target = 6222C8981ABB47F1008B5970 /* Pivy */;
			targetProxy = 6222C8B31ABB47F1008B5970 /* PBXContainerItemProxy */;
		};
/* End PBXTargetDependency section */

/* Begin PBXVariantGroup section */
		402D37B81ACA5707002C0025 /* Localizable.strings */ = {
			isa = PBXVariantGroup;
			children = (
				402D37B71ACA5707002C0025 /* en */,
				402D37B91ACA5720002C0025 /* Base */,
				402D37BA1ACA5722002C0025 /* pt */,
				52E2B71F1ACB0F49008B62E5 /* fr */,
			);
			name = Localizable.strings;
			sourceTree = "<group>";
		};
		6222C8A61ABB47F1008B5970 /* Main.storyboard */ = {
			isa = PBXVariantGroup;
			children = (
				6222C8A71ABB47F1008B5970 /* Base */,
				402D37B51ACA56B0002C0025 /* pt */,
				52E2B7211ACB0F49008B62E5 /* fr */,
			);
			name = Main.storyboard;
			sourceTree = "<group>";
		};
		6222C8AB1ABB47F1008B5970 /* LaunchScreen.xib */ = {
			isa = PBXVariantGroup;
			children = (
				6222C8AC1ABB47F1008B5970 /* Base */,
				402D37B41ACA56B0002C0025 /* pt */,
				52E2B7201ACB0F49008B62E5 /* fr */,
			);
			name = LaunchScreen.xib;
			sourceTree = "<group>";
		};
/* End PBXVariantGroup section */

/* Begin XCBuildConfiguration section */
		6222C8BA1ABB47F1008B5970 /* Debug */ = {
			isa = XCBuildConfiguration;
			buildSettings = {
				ALWAYS_SEARCH_USER_PATHS = NO;
				CLANG_CXX_LANGUAGE_STANDARD = "gnu++0x";
				CLANG_CXX_LIBRARY = "libc++";
				CLANG_ENABLE_MODULES = YES;
				CLANG_ENABLE_OBJC_ARC = YES;
				CLANG_WARN_BOOL_CONVERSION = YES;
				CLANG_WARN_CONSTANT_CONVERSION = YES;
				CLANG_WARN_DIRECT_OBJC_ISA_USAGE = YES_ERROR;
				CLANG_WARN_EMPTY_BODY = YES;
				CLANG_WARN_ENUM_CONVERSION = YES;
				CLANG_WARN_INT_CONVERSION = YES;
				CLANG_WARN_OBJC_ROOT_CLASS = YES_ERROR;
				CLANG_WARN_UNREACHABLE_CODE = YES;
				CLANG_WARN__DUPLICATE_METHOD_MATCH = YES;
				CODE_SIGN_IDENTITY = "Apple Production IOS Push Services: br.Pivy";
				"CODE_SIGN_IDENTITY[sdk=iphoneos*]" = "Apple Development IOS Push Services: br.Pivy";
				COPY_PHASE_STRIP = NO;
				ENABLE_STRICT_OBJC_MSGSEND = YES;
				GCC_C_LANGUAGE_STANDARD = gnu99;
				GCC_DYNAMIC_NO_PIC = NO;
				GCC_OPTIMIZATION_LEVEL = 0;
				GCC_PREPROCESSOR_DEFINITIONS = (
					"DEBUG=1",
					"$(inherited)",
				);
				GCC_SYMBOLS_PRIVATE_EXTERN = NO;
				GCC_WARN_64_TO_32_BIT_CONVERSION = YES;
				GCC_WARN_ABOUT_RETURN_TYPE = YES_ERROR;
				GCC_WARN_UNDECLARED_SELECTOR = YES;
				GCC_WARN_UNINITIALIZED_AUTOS = YES_AGGRESSIVE;
				GCC_WARN_UNUSED_FUNCTION = YES;
				GCC_WARN_UNUSED_VARIABLE = YES;
				IPHONEOS_DEPLOYMENT_TARGET = 8.2;
				MTL_ENABLE_DEBUG_INFO = YES;
				ONLY_ACTIVE_ARCH = YES;
				SDKROOT = iphoneos;
				TARGETED_DEVICE_FAMILY = "1,2";
			};
			name = Debug;
		};
		6222C8BB1ABB47F1008B5970 /* Release */ = {
			isa = XCBuildConfiguration;
			buildSettings = {
				ALWAYS_SEARCH_USER_PATHS = NO;
				CLANG_CXX_LANGUAGE_STANDARD = "gnu++0x";
				CLANG_CXX_LIBRARY = "libc++";
				CLANG_ENABLE_MODULES = YES;
				CLANG_ENABLE_OBJC_ARC = YES;
				CLANG_WARN_BOOL_CONVERSION = YES;
				CLANG_WARN_CONSTANT_CONVERSION = YES;
				CLANG_WARN_DIRECT_OBJC_ISA_USAGE = YES_ERROR;
				CLANG_WARN_EMPTY_BODY = YES;
				CLANG_WARN_ENUM_CONVERSION = YES;
				CLANG_WARN_INT_CONVERSION = YES;
				CLANG_WARN_OBJC_ROOT_CLASS = YES_ERROR;
				CLANG_WARN_UNREACHABLE_CODE = YES;
				CLANG_WARN__DUPLICATE_METHOD_MATCH = YES;
				CODE_SIGN_IDENTITY = "Apple Production IOS Push Services: br.Pivy";
				"CODE_SIGN_IDENTITY[sdk=iphoneos*]" = "Apple Development IOS Push Services: br.Pivy";
				COPY_PHASE_STRIP = NO;
				ENABLE_NS_ASSERTIONS = NO;
				ENABLE_STRICT_OBJC_MSGSEND = YES;
				GCC_C_LANGUAGE_STANDARD = gnu99;
				GCC_PREPROCESSOR_DEFINITIONS = "NDEBUG=1";
				GCC_WARN_64_TO_32_BIT_CONVERSION = YES;
				GCC_WARN_ABOUT_RETURN_TYPE = YES_ERROR;
				GCC_WARN_UNDECLARED_SELECTOR = YES;
				GCC_WARN_UNINITIALIZED_AUTOS = YES_AGGRESSIVE;
				GCC_WARN_UNUSED_FUNCTION = YES;
				GCC_WARN_UNUSED_VARIABLE = YES;
				IPHONEOS_DEPLOYMENT_TARGET = 8.2;
				MTL_ENABLE_DEBUG_INFO = NO;
				SDKROOT = iphoneos;
				TARGETED_DEVICE_FAMILY = "1,2";
				VALIDATE_PRODUCT = YES;
			};
			name = Release;
		};
		6222C8BD1ABB47F1008B5970 /* Debug */ = {
			isa = XCBuildConfiguration;
			buildSettings = {
				ASSETCATALOG_COMPILER_APPICON_NAME = AppIcon;
				CODE_SIGN_IDENTITY = "iPhone Developer";
				"CODE_SIGN_IDENTITY[sdk=iphoneos*]" = "iPhone Developer";
				FRAMEWORK_SEARCH_PATHS = (
					"$(inherited)",
					"$(PROJECT_DIR)",
					/Users/MarcusKuquert/Documents/FacebookSDK,
					/Users/pietrodegrazia/Documents/FacebookSDK,
				);
				INFOPLIST_FILE = Pivy/Info.plist;
				LD_RUNPATH_SEARCH_PATHS = "$(inherited) @executable_path/Frameworks";
				PRODUCT_NAME = "$(TARGET_NAME)";
				PROVISIONING_PROFILE = "";
			};
			name = Debug;
		};
		6222C8BE1ABB47F1008B5970 /* Release */ = {
			isa = XCBuildConfiguration;
			buildSettings = {
				ASSETCATALOG_COMPILER_APPICON_NAME = AppIcon;
				CODE_SIGN_IDENTITY = "iPhone Developer";
				"CODE_SIGN_IDENTITY[sdk=iphoneos*]" = "iPhone Developer";
				FRAMEWORK_SEARCH_PATHS = (
					"$(inherited)",
					"$(PROJECT_DIR)",
					/Users/MarcusKuquert/Documents/FacebookSDK,
					/Users/pietrodegrazia/Documents/FacebookSDK,
				);
				INFOPLIST_FILE = Pivy/Info.plist;
				LD_RUNPATH_SEARCH_PATHS = "$(inherited) @executable_path/Frameworks";
				PRODUCT_NAME = "$(TARGET_NAME)";
				PROVISIONING_PROFILE = "";
			};
			name = Release;
		};
		6222C8C01ABB47F1008B5970 /* Debug */ = {
			isa = XCBuildConfiguration;
			buildSettings = {
				BUNDLE_LOADER = "$(TEST_HOST)";
				CODE_SIGN_IDENTITY = "iPhone Developer";
				FRAMEWORK_SEARCH_PATHS = (
					"$(SDKROOT)/Developer/Library/Frameworks",
					"$(inherited)",
				);
				GCC_PREPROCESSOR_DEFINITIONS = (
					"DEBUG=1",
					"$(inherited)",
				);
				INFOPLIST_FILE = PivyTests/Info.plist;
				LD_RUNPATH_SEARCH_PATHS = "$(inherited) @executable_path/Frameworks @loader_path/Frameworks";
				PRODUCT_NAME = "$(TARGET_NAME)";
				TEST_HOST = "$(BUILT_PRODUCTS_DIR)/Pivy.app/Pivy";
			};
			name = Debug;
		};
		6222C8C11ABB47F1008B5970 /* Release */ = {
			isa = XCBuildConfiguration;
			buildSettings = {
				BUNDLE_LOADER = "$(TEST_HOST)";
				CODE_SIGN_IDENTITY = "iPhone Developer";
				FRAMEWORK_SEARCH_PATHS = (
					"$(SDKROOT)/Developer/Library/Frameworks",
					"$(inherited)",
				);
				INFOPLIST_FILE = PivyTests/Info.plist;
				LD_RUNPATH_SEARCH_PATHS = "$(inherited) @executable_path/Frameworks @loader_path/Frameworks";
				PRODUCT_NAME = "$(TARGET_NAME)";
				TEST_HOST = "$(BUILT_PRODUCTS_DIR)/Pivy.app/Pivy";
			};
			name = Release;
		};
/* End XCBuildConfiguration section */

/* Begin XCConfigurationList section */
		6222C8941ABB47F1008B5970 /* Build configuration list for PBXProject "Pivy" */ = {
			isa = XCConfigurationList;
			buildConfigurations = (
				6222C8BA1ABB47F1008B5970 /* Debug */,
				6222C8BB1ABB47F1008B5970 /* Release */,
			);
			defaultConfigurationIsVisible = 0;
			defaultConfigurationName = Release;
		};
		6222C8BC1ABB47F1008B5970 /* Build configuration list for PBXNativeTarget "Pivy" */ = {
			isa = XCConfigurationList;
			buildConfigurations = (
				6222C8BD1ABB47F1008B5970 /* Debug */,
				6222C8BE1ABB47F1008B5970 /* Release */,
			);
			defaultConfigurationIsVisible = 0;
			defaultConfigurationName = Release;
		};
		6222C8BF1ABB47F1008B5970 /* Build configuration list for PBXNativeTarget "PivyTests" */ = {
			isa = XCConfigurationList;
			buildConfigurations = (
				6222C8C01ABB47F1008B5970 /* Debug */,
				6222C8C11ABB47F1008B5970 /* Release */,
			);
			defaultConfigurationIsVisible = 0;
			defaultConfigurationName = Release;
		};
/* End XCConfigurationList section */
	};
	rootObject = 6222C8911ABB47F1008B5970 /* Project object */;
}
