// !$*UTF8*$!
{
	archiveVersion = 1;
	classes = {
	};
	objectVersion = 46;
	objects = {

/* Begin PBXBuildFile section */
		21993B558F2C18F1ECB52FD4 /* libPods-Pivy WatchKit Extension.a in Frameworks */ = {isa = PBXBuildFile; fileRef = 553C194E3BEDB8B4250239F5 /* libPods-Pivy WatchKit Extension.a */; };
		358B18201ABCB33B007283CB /* MBProgressHUD.m in Sources */ = {isa = PBXBuildFile; fileRef = 358B181F1ABCB33B007283CB /* MBProgressHUD.m */; };
		35C3A5FF1AC0B0040067BAAE /* MapViewController.m in Sources */ = {isa = PBXBuildFile; fileRef = 35C3A5FE1AC0B0040067BAAE /* MapViewController.m */; };
		35C3A6021AC0B0870067BAAE /* LocalAnnotation.m in Sources */ = {isa = PBXBuildFile; fileRef = 35C3A6011AC0B0870067BAAE /* LocalAnnotation.m */; };
		35C3A6041AC1D6590067BAAE /* More.storyboard in Resources */ = {isa = PBXBuildFile; fileRef = 35C3A6031AC1D6590067BAAE /* More.storyboard */; };
		35C3A6071AC1DEC10067BAAE /* MoreTableViewController.m in Sources */ = {isa = PBXBuildFile; fileRef = 35C3A6061AC1DEC10067BAAE /* MoreTableViewController.m */; };
		35FED4F91AC336F000E12E32 /* RegisterViewController.m in Sources */ = {isa = PBXBuildFile; fileRef = 35FED4F81AC336F000E12E32 /* RegisterViewController.m */; };
		35FED4FC1AC3393C00E12E32 /* LoginViewController.m in Sources */ = {isa = PBXBuildFile; fileRef = 35FED4FB1AC3393C00E12E32 /* LoginViewController.m */; };
		35FED4FF1AC3478000E12E32 /* LoggedMoreTableViewController.m in Sources */ = {isa = PBXBuildFile; fileRef = 35FED4FE1AC3478000E12E32 /* LoggedMoreTableViewController.m */; };
		402D37B61ACA5707002C0025 /* Localizable.strings in Resources */ = {isa = PBXBuildFile; fileRef = 402D37B81ACA5707002C0025 /* Localizable.strings */; };
		52362FE11ABE0D2B0079D117 /* CollectionViewCell.m in Sources */ = {isa = PBXBuildFile; fileRef = 52362FDE1ABE0D2B0079D117 /* CollectionViewCell.m */; };
		52362FE21ABE0D2B0079D117 /* CollectionViewController.m in Sources */ = {isa = PBXBuildFile; fileRef = 52362FE01ABE0D2B0079D117 /* CollectionViewController.m */; };
		52C1645A1AC48546008E8B2F /* CollectionViewCellHeader.m in Sources */ = {isa = PBXBuildFile; fileRef = 52C164591AC48546008E8B2F /* CollectionViewCellHeader.m */; };
		6222C89F1ABB47F1008B5970 /* main.m in Sources */ = {isa = PBXBuildFile; fileRef = 6222C89E1ABB47F1008B5970 /* main.m */; };
		6222C8A21ABB47F1008B5970 /* AppDelegate.m in Sources */ = {isa = PBXBuildFile; fileRef = 6222C8A11ABB47F1008B5970 /* AppDelegate.m */; };
		6222C8A51ABB47F1008B5970 /* MainViewController.m in Sources */ = {isa = PBXBuildFile; fileRef = 6222C8A41ABB47F1008B5970 /* MainViewController.m */; };
		6222C8AA1ABB47F1008B5970 /* Images.xcassets in Resources */ = {isa = PBXBuildFile; fileRef = 6222C8A91ABB47F1008B5970 /* Images.xcassets */; };
		623C62461AC0CCFE003B9200 /* PivyDetailViewController.m in Sources */ = {isa = PBXBuildFile; fileRef = 623C62451AC0CCFE003B9200 /* PivyDetailViewController.m */; };
		62451E121AC9CC6B00C31557 /* DataManager.m in Sources */ = {isa = PBXBuildFile; fileRef = 62451E111AC9CC6B00C31557 /* DataManager.m */; };
		62451E171ACA4A8B00C31557 /* MainTutorialViewController.m in Sources */ = {isa = PBXBuildFile; fileRef = 62451E161ACA4A8B00C31557 /* MainTutorialViewController.m */; };
		62451E1E1ACADECA00C31557 /* AsyncImageView.m in Sources */ = {isa = PBXBuildFile; fileRef = 62451E1D1ACADECA00C31557 /* AsyncImageView.m */; };
		6292E17E1AC31F4200B28CE0 /* Reachability.m in Sources */ = {isa = PBXBuildFile; fileRef = 6292E17D1AC31F4200B28CE0 /* Reachability.m */; };
		6292E1821AC34AC500B28CE0 /* RWBlurPopover.m in Sources */ = {isa = PBXBuildFile; fileRef = 6292E1811AC34AC500B28CE0 /* RWBlurPopover.m */; };
		6292E1851AC34B3300B28CE0 /* RWBlurPopoverView.m in Sources */ = {isa = PBXBuildFile; fileRef = 6292E1841AC34B3300B28CE0 /* RWBlurPopoverView.m */; };
		6299E9841ADC509800EF2B51 /* InterfaceController.m in Sources */ = {isa = PBXBuildFile; fileRef = 6299E9831ADC509800EF2B51 /* InterfaceController.m */; };
		6299E9871ADC509800EF2B51 /* NotificationController.m in Sources */ = {isa = PBXBuildFile; fileRef = 6299E9861ADC509800EF2B51 /* NotificationController.m */; };
		6299E9891ADC509800EF2B51 /* Images.xcassets in Resources */ = {isa = PBXBuildFile; fileRef = 6299E9881ADC509800EF2B51 /* Images.xcassets */; };
		6299E9951ADC509900EF2B51 /* Interface.storyboard in Resources */ = {isa = PBXBuildFile; fileRef = 6299E9931ADC509900EF2B51 /* Interface.storyboard */; };
		62BA995D1AF05490007B2FA1 /* RoundedImageView.m in Sources */ = {isa = PBXBuildFile; fileRef = 62BA995C1AF05490007B2FA1 /* RoundedImageView.m */; };
		62BD409B1C7CB32500A625C1 /* Pivy WatchKit Extension.appex in Embed App Extensions */ = {isa = PBXBuildFile; fileRef = 6299E97D1ADC509800EF2B51 /* Pivy WatchKit Extension.appex */; settings = {ATTRIBUTES = (RemoveHeadersOnCopy, ); }; };
		62BD409E1C7CB32500A625C1 /* Pivy WatchKit App.app in Embed Watch Content */ = {isa = PBXBuildFile; fileRef = 6299E98C1ADC509900EF2B51 /* Pivy WatchKit App.app */; };
		62C6516C1ACB2201008F8BCC /* Tutorial.storyboard in Resources */ = {isa = PBXBuildFile; fileRef = 62451E181ACA4AA600C31557 /* Tutorial.storyboard */; };
		62C6516D1ACB2213008F8BCC /* LaunchScreen.xib in Resources */ = {isa = PBXBuildFile; fileRef = 6222C8AB1ABB47F1008B5970 /* LaunchScreen.xib */; };
		62C6516F1ACB2227008F8BCC /* Main.storyboard in Resources */ = {isa = PBXBuildFile; fileRef = 6222C8A61ABB47F1008B5970 /* Main.storyboard */; };
		62C98EBB1AC5DB8A003E405B /* AppUtils.m in Sources */ = {isa = PBXBuildFile; fileRef = 62C98EBA1AC5DB8A003E405B /* AppUtils.m */; };
		62CE23561B14F06F005AAD88 /* Images.xcassets in Resources */ = {isa = PBXBuildFile; fileRef = 62CE23551B14F06F005AAD88 /* Images.xcassets */; };
		62CE23591B150140005AAD88 /* GlanceInterfaceController.m in Sources */ = {isa = PBXBuildFile; fileRef = 62CE23581B150140005AAD88 /* GlanceInterfaceController.m */; };
		62D5A2181ABB56A200464F29 /* Objeto.m in Sources */ = {isa = PBXBuildFile; fileRef = 62D5A2171ABB56A200464F29 /* Objeto.m */; };
		62D5A21B1ABB570200464F29 /* Pivy.m in Sources */ = {isa = PBXBuildFile; fileRef = 62D5A21A1ABB570200464F29 /* Pivy.m */; };
		62D5A21E1ABB571200464F29 /* Background.m in Sources */ = {isa = PBXBuildFile; fileRef = 62D5A21D1ABB571200464F29 /* Background.m */; };
		62ED49261AC5B974002CCE90 /* Gallery.m in Sources */ = {isa = PBXBuildFile; fileRef = 62ED49251AC5B974002CCE90 /* Gallery.m */; };
		8C56E475EA36A2CC45A4A93C /* libPods-Pivy.a in Frameworks */ = {isa = PBXBuildFile; fileRef = E5EACDF68232008B72E3F660 /* libPods-Pivy.a */; };
/* End PBXBuildFile section */

/* Begin PBXContainerItemProxy section */
		62BD40991C7CB32500A625C1 /* PBXContainerItemProxy */ = {
			isa = PBXContainerItemProxy;
			containerPortal = 6222C8911ABB47F1008B5970 /* Project object */;
			proxyType = 1;
			remoteGlobalIDString = 6299E97C1ADC509800EF2B51;
			remoteInfo = "Pivy WatchKit Extension";
		};
		62BD409C1C7CB32500A625C1 /* PBXContainerItemProxy */ = {
			isa = PBXContainerItemProxy;
			containerPortal = 6222C8911ABB47F1008B5970 /* Project object */;
			proxyType = 1;
			remoteGlobalIDString = 6299E98B1ADC509900EF2B51;
			remoteInfo = "Pivy WatchKit App";
		};
/* End PBXContainerItemProxy section */

/* Begin PBXCopyFilesBuildPhase section */
		62BD409F1C7CB32500A625C1 /* Embed App Extensions */ = {
			isa = PBXCopyFilesBuildPhase;
			buildActionMask = 2147483647;
			dstPath = "";
			dstSubfolderSpec = 13;
			files = (
				62BD409B1C7CB32500A625C1 /* Pivy WatchKit Extension.appex in Embed App Extensions */,
			);
			name = "Embed App Extensions";
			runOnlyForDeploymentPostprocessing = 0;
		};
		62BD40A01C7CB32500A625C1 /* Embed Watch Content */ = {
			isa = PBXCopyFilesBuildPhase;
			buildActionMask = 2147483647;
			dstPath = "$(CONTENTS_FOLDER_PATH)/Watch";
			dstSubfolderSpec = 16;
			files = (
				62BD409E1C7CB32500A625C1 /* Pivy WatchKit App.app in Embed Watch Content */,
			);
			name = "Embed Watch Content";
			runOnlyForDeploymentPostprocessing = 0;
		};
/* End PBXCopyFilesBuildPhase section */

/* Begin PBXFileReference section */
		358B181E1ABCB33B007283CB /* MBProgressHUD.h */ = {isa = PBXFileReference; fileEncoding = 4; lastKnownFileType = sourcecode.c.h; name = MBProgressHUD.h; path = ../MBProgressHUD.h; sourceTree = "<group>"; };
		358B181F1ABCB33B007283CB /* MBProgressHUD.m */ = {isa = PBXFileReference; fileEncoding = 4; lastKnownFileType = sourcecode.c.objc; name = MBProgressHUD.m; path = ../MBProgressHUD.m; sourceTree = "<group>"; };
		35C3A5FD1AC0B0040067BAAE /* MapViewController.h */ = {isa = PBXFileReference; fileEncoding = 4; lastKnownFileType = sourcecode.c.h; path = MapViewController.h; sourceTree = "<group>"; };
		35C3A5FE1AC0B0040067BAAE /* MapViewController.m */ = {isa = PBXFileReference; fileEncoding = 4; lastKnownFileType = sourcecode.c.objc; path = MapViewController.m; sourceTree = "<group>"; };
		35C3A6001AC0B0870067BAAE /* LocalAnnotation.h */ = {isa = PBXFileReference; fileEncoding = 4; lastKnownFileType = sourcecode.c.h; path = LocalAnnotation.h; sourceTree = "<group>"; };
		35C3A6011AC0B0870067BAAE /* LocalAnnotation.m */ = {isa = PBXFileReference; fileEncoding = 4; lastKnownFileType = sourcecode.c.objc; path = LocalAnnotation.m; sourceTree = "<group>"; };
		35C3A6031AC1D6590067BAAE /* More.storyboard */ = {isa = PBXFileReference; fileEncoding = 4; lastKnownFileType = file.storyboard; path = More.storyboard; sourceTree = "<group>"; };
		35C3A6051AC1DEC10067BAAE /* MoreTableViewController.h */ = {isa = PBXFileReference; fileEncoding = 4; lastKnownFileType = sourcecode.c.h; path = MoreTableViewController.h; sourceTree = "<group>"; };
		35C3A6061AC1DEC10067BAAE /* MoreTableViewController.m */ = {isa = PBXFileReference; fileEncoding = 4; lastKnownFileType = sourcecode.c.objc; path = MoreTableViewController.m; sourceTree = "<group>"; };
		35FED4F71AC336F000E12E32 /* RegisterViewController.h */ = {isa = PBXFileReference; fileEncoding = 4; lastKnownFileType = sourcecode.c.h; path = RegisterViewController.h; sourceTree = "<group>"; };
		35FED4F81AC336F000E12E32 /* RegisterViewController.m */ = {isa = PBXFileReference; fileEncoding = 4; lastKnownFileType = sourcecode.c.objc; path = RegisterViewController.m; sourceTree = "<group>"; };
		35FED4FA1AC3393C00E12E32 /* LoginViewController.h */ = {isa = PBXFileReference; fileEncoding = 4; lastKnownFileType = sourcecode.c.h; name = LoginViewController.h; path = ../LoginViewController.h; sourceTree = "<group>"; };
		35FED4FB1AC3393C00E12E32 /* LoginViewController.m */ = {isa = PBXFileReference; fileEncoding = 4; lastKnownFileType = sourcecode.c.objc; name = LoginViewController.m; path = ../LoginViewController.m; sourceTree = "<group>"; };
		35FED4FD1AC3478000E12E32 /* LoggedMoreTableViewController.h */ = {isa = PBXFileReference; fileEncoding = 4; lastKnownFileType = sourcecode.c.h; path = LoggedMoreTableViewController.h; sourceTree = "<group>"; };
		35FED4FE1AC3478000E12E32 /* LoggedMoreTableViewController.m */ = {isa = PBXFileReference; fileEncoding = 4; lastKnownFileType = sourcecode.c.objc; path = LoggedMoreTableViewController.m; sourceTree = "<group>"; };
		402D37B41ACA56B0002C0025 /* pt */ = {isa = PBXFileReference; lastKnownFileType = text.plist.strings; name = pt; path = pt.lproj/LaunchScreen.strings; sourceTree = "<group>"; };
		402D37B51ACA56B0002C0025 /* pt */ = {isa = PBXFileReference; lastKnownFileType = text.plist.strings; name = pt; path = pt.lproj/Main.strings; sourceTree = "<group>"; };
		402D37B71ACA5707002C0025 /* en */ = {isa = PBXFileReference; lastKnownFileType = text.plist.strings; name = en; path = en.lproj/Localizable.strings; sourceTree = "<group>"; };
		402D37B91ACA5720002C0025 /* Base */ = {isa = PBXFileReference; lastKnownFileType = text.plist.strings; name = Base; path = Base.lproj/Localizable.strings; sourceTree = "<group>"; };
		402D37BA1ACA5722002C0025 /* pt */ = {isa = PBXFileReference; lastKnownFileType = text.plist.strings; name = pt; path = pt.lproj/Localizable.strings; sourceTree = "<group>"; };
		52362FDD1ABE0D030079D117 /* CollectionViewCell.h */ = {isa = PBXFileReference; fileEncoding = 4; lastKnownFileType = sourcecode.c.h; path = CollectionViewCell.h; sourceTree = "<group>"; };
		52362FDE1ABE0D2B0079D117 /* CollectionViewCell.m */ = {isa = PBXFileReference; fileEncoding = 4; lastKnownFileType = sourcecode.c.objc; path = CollectionViewCell.m; sourceTree = "<group>"; };
		52362FDF1ABE0D2B0079D117 /* CollectionViewController.h */ = {isa = PBXFileReference; fileEncoding = 4; lastKnownFileType = sourcecode.c.h; path = CollectionViewController.h; sourceTree = "<group>"; };
		52362FE01ABE0D2B0079D117 /* CollectionViewController.m */ = {isa = PBXFileReference; fileEncoding = 4; lastKnownFileType = sourcecode.c.objc; path = CollectionViewController.m; sourceTree = "<group>"; };
		52C164581AC48546008E8B2F /* CollectionViewCellHeader.h */ = {isa = PBXFileReference; fileEncoding = 4; lastKnownFileType = sourcecode.c.h; path = CollectionViewCellHeader.h; sourceTree = "<group>"; };
		52C164591AC48546008E8B2F /* CollectionViewCellHeader.m */ = {isa = PBXFileReference; fileEncoding = 4; lastKnownFileType = sourcecode.c.objc; path = CollectionViewCellHeader.m; sourceTree = "<group>"; };
		52C904F81B1397C8009D8BD6 /* Pivy.entitlements */ = {isa = PBXFileReference; lastKnownFileType = text.xml; path = Pivy.entitlements; sourceTree = "<group>"; };
		52C904F91B1397DD009D8BD6 /* Pivy WatchKit Extension.entitlements */ = {isa = PBXFileReference; lastKnownFileType = text.xml; path = "Pivy WatchKit Extension.entitlements"; sourceTree = "<group>"; };
		52E2B71F1ACB0F49008B62E5 /* fr */ = {isa = PBXFileReference; lastKnownFileType = text.plist.strings; name = fr; path = fr.lproj/Localizable.strings; sourceTree = "<group>"; };
		52E2B7201ACB0F49008B62E5 /* fr */ = {isa = PBXFileReference; lastKnownFileType = text.plist.strings; name = fr; path = fr.lproj/LaunchScreen.strings; sourceTree = "<group>"; };
		52E2B7211ACB0F49008B62E5 /* fr */ = {isa = PBXFileReference; lastKnownFileType = text.plist.strings; name = fr; path = fr.lproj/Main.strings; sourceTree = "<group>"; };
		553C194E3BEDB8B4250239F5 /* libPods-Pivy WatchKit Extension.a */ = {isa = PBXFileReference; explicitFileType = archive.ar; includeInIndex = 0; path = "libPods-Pivy WatchKit Extension.a"; sourceTree = BUILT_PRODUCTS_DIR; };
		6222C8991ABB47F1008B5970 /* Pivy.app */ = {isa = PBXFileReference; explicitFileType = wrapper.application; includeInIndex = 0; path = Pivy.app; sourceTree = BUILT_PRODUCTS_DIR; };
		6222C89D1ABB47F1008B5970 /* Info.plist */ = {isa = PBXFileReference; lastKnownFileType = text.plist.xml; path = Info.plist; sourceTree = "<group>"; };
		6222C89E1ABB47F1008B5970 /* main.m */ = {isa = PBXFileReference; lastKnownFileType = sourcecode.c.objc; path = main.m; sourceTree = "<group>"; };
		6222C8A01ABB47F1008B5970 /* AppDelegate.h */ = {isa = PBXFileReference; lastKnownFileType = sourcecode.c.h; path = AppDelegate.h; sourceTree = "<group>"; };
		6222C8A11ABB47F1008B5970 /* AppDelegate.m */ = {isa = PBXFileReference; lastKnownFileType = sourcecode.c.objc; path = AppDelegate.m; sourceTree = "<group>"; };
		6222C8A31ABB47F1008B5970 /* MainViewController.h */ = {isa = PBXFileReference; lastKnownFileType = sourcecode.c.h; path = MainViewController.h; sourceTree = "<group>"; };
		6222C8A41ABB47F1008B5970 /* MainViewController.m */ = {isa = PBXFileReference; lastKnownFileType = sourcecode.c.objc; path = MainViewController.m; sourceTree = "<group>"; };
		6222C8A71ABB47F1008B5970 /* Base */ = {isa = PBXFileReference; lastKnownFileType = file.storyboard; name = Base; path = Base.lproj/Main.storyboard; sourceTree = "<group>"; };
		6222C8A91ABB47F1008B5970 /* Images.xcassets */ = {isa = PBXFileReference; lastKnownFileType = folder.assetcatalog; path = Images.xcassets; sourceTree = "<group>"; };
		6222C8AC1ABB47F1008B5970 /* Base */ = {isa = PBXFileReference; lastKnownFileType = file.xib; name = Base; path = Base.lproj/LaunchScreen.xib; sourceTree = "<group>"; };
		6222C8B71ABB47F1008B5970 /* Info.plist */ = {isa = PBXFileReference; lastKnownFileType = text.plist.xml; path = Info.plist; sourceTree = "<group>"; };
		6222C8B81ABB47F1008B5970 /* PivyTests.m */ = {isa = PBXFileReference; lastKnownFileType = sourcecode.c.objc; path = PivyTests.m; sourceTree = "<group>"; };
		623C62441AC0CCFE003B9200 /* PivyDetailViewController.h */ = {isa = PBXFileReference; fileEncoding = 4; lastKnownFileType = sourcecode.c.h; path = PivyDetailViewController.h; sourceTree = "<group>"; };
		623C62451AC0CCFE003B9200 /* PivyDetailViewController.m */ = {isa = PBXFileReference; fileEncoding = 4; lastKnownFileType = sourcecode.c.objc; path = PivyDetailViewController.m; sourceTree = "<group>"; };
		62451E101AC9CC6B00C31557 /* DataManager.h */ = {isa = PBXFileReference; fileEncoding = 4; lastKnownFileType = sourcecode.c.h; path = DataManager.h; sourceTree = "<group>"; };
		62451E111AC9CC6B00C31557 /* DataManager.m */ = {isa = PBXFileReference; fileEncoding = 4; lastKnownFileType = sourcecode.c.objc; path = DataManager.m; sourceTree = "<group>"; };
		62451E151ACA4A8B00C31557 /* MainTutorialViewController.h */ = {isa = PBXFileReference; fileEncoding = 4; lastKnownFileType = sourcecode.c.h; path = MainTutorialViewController.h; sourceTree = "<group>"; };
		62451E161ACA4A8B00C31557 /* MainTutorialViewController.m */ = {isa = PBXFileReference; fileEncoding = 4; lastKnownFileType = sourcecode.c.objc; path = MainTutorialViewController.m; sourceTree = "<group>"; };
		62451E181ACA4AA600C31557 /* Tutorial.storyboard */ = {isa = PBXFileReference; fileEncoding = 4; lastKnownFileType = file.storyboard; path = Tutorial.storyboard; sourceTree = "<group>"; };
		62451E1C1ACADECA00C31557 /* AsyncImageView.h */ = {isa = PBXFileReference; fileEncoding = 4; lastKnownFileType = sourcecode.c.h; path = AsyncImageView.h; sourceTree = "<group>"; };
		62451E1D1ACADECA00C31557 /* AsyncImageView.m */ = {isa = PBXFileReference; fileEncoding = 4; lastKnownFileType = sourcecode.c.objc; path = AsyncImageView.m; sourceTree = "<group>"; };
		6292E17C1AC31F4200B28CE0 /* Reachability.h */ = {isa = PBXFileReference; fileEncoding = 4; lastKnownFileType = sourcecode.c.h; path = Reachability.h; sourceTree = "<group>"; };
		6292E17D1AC31F4200B28CE0 /* Reachability.m */ = {isa = PBXFileReference; fileEncoding = 4; lastKnownFileType = sourcecode.c.objc; path = Reachability.m; sourceTree = "<group>"; };
		6292E1801AC34AC500B28CE0 /* RWBlurPopover.h */ = {isa = PBXFileReference; fileEncoding = 4; lastKnownFileType = sourcecode.c.h; path = RWBlurPopover.h; sourceTree = "<group>"; };
		6292E1811AC34AC500B28CE0 /* RWBlurPopover.m */ = {isa = PBXFileReference; fileEncoding = 4; lastKnownFileType = sourcecode.c.objc; path = RWBlurPopover.m; sourceTree = "<group>"; };
		6292E1831AC34B3300B28CE0 /* RWBlurPopoverView.h */ = {isa = PBXFileReference; fileEncoding = 4; lastKnownFileType = sourcecode.c.h; path = RWBlurPopoverView.h; sourceTree = "<group>"; };
		6292E1841AC34B3300B28CE0 /* RWBlurPopoverView.m */ = {isa = PBXFileReference; fileEncoding = 4; lastKnownFileType = sourcecode.c.objc; path = RWBlurPopoverView.m; sourceTree = "<group>"; };
		6299E97D1ADC509800EF2B51 /* Pivy WatchKit Extension.appex */ = {isa = PBXFileReference; explicitFileType = "wrapper.app-extension"; includeInIndex = 0; path = "Pivy WatchKit Extension.appex"; sourceTree = BUILT_PRODUCTS_DIR; };
		6299E9801ADC509800EF2B51 /* Info.plist */ = {isa = PBXFileReference; lastKnownFileType = text.plist.xml; path = Info.plist; sourceTree = "<group>"; };
		6299E9811ADC509800EF2B51 /* PushNotificationPayload.apns */ = {isa = PBXFileReference; lastKnownFileType = text; path = PushNotificationPayload.apns; sourceTree = "<group>"; };
		6299E9821ADC509800EF2B51 /* InterfaceController.h */ = {isa = PBXFileReference; lastKnownFileType = sourcecode.c.h; path = InterfaceController.h; sourceTree = "<group>"; };
		6299E9831ADC509800EF2B51 /* InterfaceController.m */ = {isa = PBXFileReference; lastKnownFileType = sourcecode.c.objc; path = InterfaceController.m; sourceTree = "<group>"; };
		6299E9851ADC509800EF2B51 /* NotificationController.h */ = {isa = PBXFileReference; lastKnownFileType = sourcecode.c.h; path = NotificationController.h; sourceTree = "<group>"; };
		6299E9861ADC509800EF2B51 /* NotificationController.m */ = {isa = PBXFileReference; lastKnownFileType = sourcecode.c.objc; path = NotificationController.m; sourceTree = "<group>"; };
		6299E9881ADC509800EF2B51 /* Images.xcassets */ = {isa = PBXFileReference; lastKnownFileType = folder.assetcatalog; path = Images.xcassets; sourceTree = "<group>"; };
		6299E98C1ADC509900EF2B51 /* Pivy WatchKit App.app */ = {isa = PBXFileReference; explicitFileType = wrapper.application; includeInIndex = 0; path = "Pivy WatchKit App.app"; sourceTree = BUILT_PRODUCTS_DIR; };
		6299E9921ADC509900EF2B51 /* Info.plist */ = {isa = PBXFileReference; lastKnownFileType = text.plist.xml; path = Info.plist; sourceTree = "<group>"; };
		6299E9941ADC509900EF2B51 /* Base */ = {isa = PBXFileReference; lastKnownFileType = file.storyboard; name = Base; path = Base.lproj/Interface.storyboard; sourceTree = "<group>"; };
		6299E9A21ADC56CD00EF2B51 /* NotificationPayload.apns */ = {isa = PBXFileReference; lastKnownFileType = text; path = NotificationPayload.apns; sourceTree = "<group>"; };
		62BA995B1AF05490007B2FA1 /* RoundedImageView.h */ = {isa = PBXFileReference; fileEncoding = 4; lastKnownFileType = sourcecode.c.h; path = RoundedImageView.h; sourceTree = "<group>"; };
		62BA995C1AF05490007B2FA1 /* RoundedImageView.m */ = {isa = PBXFileReference; fileEncoding = 4; lastKnownFileType = sourcecode.c.objc; path = RoundedImageView.m; sourceTree = "<group>"; };
		62C98EB91AC5DB8A003E405B /* AppUtils.h */ = {isa = PBXFileReference; fileEncoding = 4; lastKnownFileType = sourcecode.c.h; path = AppUtils.h; sourceTree = "<group>"; };
		62C98EBA1AC5DB8A003E405B /* AppUtils.m */ = {isa = PBXFileReference; fileEncoding = 4; lastKnownFileType = sourcecode.c.objc; path = AppUtils.m; sourceTree = "<group>"; };
		62CE23551B14F06F005AAD88 /* Images.xcassets */ = {isa = PBXFileReference; lastKnownFileType = folder.assetcatalog; path = Images.xcassets; sourceTree = "<group>"; };
		62CE23571B150140005AAD88 /* GlanceInterfaceController.h */ = {isa = PBXFileReference; fileEncoding = 4; lastKnownFileType = sourcecode.c.h; path = GlanceInterfaceController.h; sourceTree = "<group>"; };
		62CE23581B150140005AAD88 /* GlanceInterfaceController.m */ = {isa = PBXFileReference; fileEncoding = 4; lastKnownFileType = sourcecode.c.objc; path = GlanceInterfaceController.m; sourceTree = "<group>"; };
		62D5A2161ABB56A200464F29 /* Objeto.h */ = {isa = PBXFileReference; fileEncoding = 4; lastKnownFileType = sourcecode.c.h; path = Objeto.h; sourceTree = "<group>"; };
		62D5A2171ABB56A200464F29 /* Objeto.m */ = {isa = PBXFileReference; fileEncoding = 4; lastKnownFileType = sourcecode.c.objc; path = Objeto.m; sourceTree = "<group>"; };
		62D5A2191ABB570200464F29 /* Pivy.h */ = {isa = PBXFileReference; fileEncoding = 4; lastKnownFileType = sourcecode.c.h; path = Pivy.h; sourceTree = "<group>"; };
		62D5A21A1ABB570200464F29 /* Pivy.m */ = {isa = PBXFileReference; fileEncoding = 4; lastKnownFileType = sourcecode.c.objc; path = Pivy.m; sourceTree = "<group>"; };
		62D5A21C1ABB571200464F29 /* Background.h */ = {isa = PBXFileReference; fileEncoding = 4; lastKnownFileType = sourcecode.c.h; path = Background.h; sourceTree = "<group>"; };
		62D5A21D1ABB571200464F29 /* Background.m */ = {isa = PBXFileReference; fileEncoding = 4; lastKnownFileType = sourcecode.c.objc; path = Background.m; sourceTree = "<group>"; };
		62ED49241AC5B974002CCE90 /* Gallery.h */ = {isa = PBXFileReference; fileEncoding = 4; lastKnownFileType = sourcecode.c.h; path = Gallery.h; sourceTree = "<group>"; };
		62ED49251AC5B974002CCE90 /* Gallery.m */ = {isa = PBXFileReference; fileEncoding = 4; lastKnownFileType = sourcecode.c.objc; path = Gallery.m; sourceTree = "<group>"; };
		A551D75A012A1CD3297B4101 /* Pods-Pivy WatchKit Extension.debug.xcconfig */ = {isa = PBXFileReference; includeInIndex = 1; lastKnownFileType = text.xcconfig; name = "Pods-Pivy WatchKit Extension.debug.xcconfig"; path = "Pods/Target Support Files/Pods-Pivy WatchKit Extension/Pods-Pivy WatchKit Extension.debug.xcconfig"; sourceTree = "<group>"; };
		A6536EFE444F7204CAD34BD8 /* Pods-Pivy WatchKit Extension.release.xcconfig */ = {isa = PBXFileReference; includeInIndex = 1; lastKnownFileType = text.xcconfig; name = "Pods-Pivy WatchKit Extension.release.xcconfig"; path = "Pods/Target Support Files/Pods-Pivy WatchKit Extension/Pods-Pivy WatchKit Extension.release.xcconfig"; sourceTree = "<group>"; };
		C181177165040A2AB0D44670 /* Pods-Pivy.debug.xcconfig */ = {isa = PBXFileReference; includeInIndex = 1; lastKnownFileType = text.xcconfig; name = "Pods-Pivy.debug.xcconfig"; path = "Pods/Target Support Files/Pods-Pivy/Pods-Pivy.debug.xcconfig"; sourceTree = "<group>"; };
		DE468B4F0574D10423F21FE4 /* Pods-Pivy.release.xcconfig */ = {isa = PBXFileReference; includeInIndex = 1; lastKnownFileType = text.xcconfig; name = "Pods-Pivy.release.xcconfig"; path = "Pods/Target Support Files/Pods-Pivy/Pods-Pivy.release.xcconfig"; sourceTree = "<group>"; };
		E5EACDF68232008B72E3F660 /* libPods-Pivy.a */ = {isa = PBXFileReference; explicitFileType = archive.ar; includeInIndex = 0; path = "libPods-Pivy.a"; sourceTree = BUILT_PRODUCTS_DIR; };
/* End PBXFileReference section */

/* Begin PBXFrameworksBuildPhase section */
		271FDB5649A256F3C742E361 /* Frameworks */ = {
			isa = PBXFrameworksBuildPhase;
			buildActionMask = 2147483647;
			files = (
			);
			runOnlyForDeploymentPostprocessing = 0;
		};
		6222C8961ABB47F1008B5970 /* Frameworks */ = {
			isa = PBXFrameworksBuildPhase;
			buildActionMask = 2147483647;
			files = (
				8C56E475EA36A2CC45A4A93C /* libPods-Pivy.a in Frameworks */,
			);
			runOnlyForDeploymentPostprocessing = 0;
		};
		6299E97A1ADC509800EF2B51 /* Frameworks */ = {
			isa = PBXFrameworksBuildPhase;
			buildActionMask = 2147483647;
			files = (
				21993B558F2C18F1ECB52FD4 /* libPods-Pivy WatchKit Extension.a in Frameworks */,
			);
			runOnlyForDeploymentPostprocessing = 0;
		};
/* End PBXFrameworksBuildPhase section */

/* Begin PBXGroup section */
		35BBEC4F44AE7F039AADD102 /* Pods */ = {
			isa = PBXGroup;
			children = (
				C181177165040A2AB0D44670 /* Pods-Pivy.debug.xcconfig */,
				DE468B4F0574D10423F21FE4 /* Pods-Pivy.release.xcconfig */,
				A551D75A012A1CD3297B4101 /* Pods-Pivy WatchKit Extension.debug.xcconfig */,
				A6536EFE444F7204CAD34BD8 /* Pods-Pivy WatchKit Extension.release.xcconfig */,
			);
			name = Pods;
			sourceTree = "<group>";
		};
		52C1645C1AC4859C008E8B2F /* Collection */ = {
			isa = PBXGroup;
			children = (
				52C164581AC48546008E8B2F /* CollectionViewCellHeader.h */,
				52C164591AC48546008E8B2F /* CollectionViewCellHeader.m */,
				52362FDD1ABE0D030079D117 /* CollectionViewCell.h */,
				52362FDE1ABE0D2B0079D117 /* CollectionViewCell.m */,
			);
			name = Collection;
			sourceTree = "<group>";
		};
		52C1645F1AC5A4E7008E8B2F /* Detail */ = {
			isa = PBXGroup;
			children = (
				623C62441AC0CCFE003B9200 /* PivyDetailViewController.h */,
				623C62451AC0CCFE003B9200 /* PivyDetailViewController.m */,
			);
			name = Detail;
			sourceTree = "<group>";
		};
		6222C8901ABB47F1008B5970 = {
			isa = PBXGroup;
			children = (
				6299E97E1ADC509800EF2B51 /* Pivy WatchKit Extension */,
				6299E9901ADC509900EF2B51 /* Pivy WatchKit App */,
				6222C89B1ABB47F1008B5970 /* Pivy */,
				6222C8B51ABB47F1008B5970 /* PivyTests */,
				6222C89A1ABB47F1008B5970 /* Products */,
				35BBEC4F44AE7F039AADD102 /* Pods */,
				DC9008E031F2DE0DFF698846 /* Frameworks */,
			);
			sourceTree = "<group>";
		};
		6222C89A1ABB47F1008B5970 /* Products */ = {
			isa = PBXGroup;
			children = (
				6222C8991ABB47F1008B5970 /* Pivy.app */,
				6299E97D1ADC509800EF2B51 /* Pivy WatchKit Extension.appex */,
				6299E98C1ADC509900EF2B51 /* Pivy WatchKit App.app */,
			);
			name = Products;
			sourceTree = "<group>";
		};
		6222C89B1ABB47F1008B5970 /* Pivy */ = {
			isa = PBXGroup;
			children = (
				52C904F81B1397C8009D8BD6 /* Pivy.entitlements */,
				6222C8A01ABB47F1008B5970 /* AppDelegate.h */,
				6222C8A11ABB47F1008B5970 /* AppDelegate.m */,
				6292E1761AC30AFE00B28CE0 /* Controllers */,
				62D5A2111ABB560100464F29 /* Models */,
				6222C89C1ABB47F1008B5970 /* Supporting Files */,
				6292E17B1AC31F3400B28CE0 /* Utils */,
				6292E1771AC30B1D00B28CE0 /* Views */,
			);
			path = Pivy;
			sourceTree = "<group>";
		};
		6222C89C1ABB47F1008B5970 /* Supporting Files */ = {
			isa = PBXGroup;
			children = (
				402D37B81ACA5707002C0025 /* Localizable.strings */,
				6222C8A91ABB47F1008B5970 /* Images.xcassets */,
				6222C89D1ABB47F1008B5970 /* Info.plist */,
				6222C89E1ABB47F1008B5970 /* main.m */,
			);
			name = "Supporting Files";
			sourceTree = "<group>";
		};
		6222C8B51ABB47F1008B5970 /* PivyTests */ = {
			isa = PBXGroup;
			children = (
				6222C8B81ABB47F1008B5970 /* PivyTests.m */,
				6222C8B61ABB47F1008B5970 /* Supporting Files */,
			);
			path = PivyTests;
			sourceTree = "<group>";
		};
		6222C8B61ABB47F1008B5970 /* Supporting Files */ = {
			isa = PBXGroup;
			children = (
				6222C8B71ABB47F1008B5970 /* Info.plist */,
			);
			name = "Supporting Files";
			sourceTree = "<group>";
		};
		62451E1A1ACA4AB400C31557 /* Tutorial */ = {
			isa = PBXGroup;
			children = (
				62451E151ACA4A8B00C31557 /* MainTutorialViewController.h */,
				62451E161ACA4A8B00C31557 /* MainTutorialViewController.m */,
			);
			name = Tutorial;
			sourceTree = "<group>";
		};
		62451E1B1ACADECA00C31557 /* AsyncImageView */ = {
			isa = PBXGroup;
			children = (
				62451E1C1ACADECA00C31557 /* AsyncImageView.h */,
				62451E1D1ACADECA00C31557 /* AsyncImageView.m */,
			);
			path = AsyncImageView;
			sourceTree = "<group>";
		};
		627B17411AC7749800C81E90 /* DataManager */ = {
			isa = PBXGroup;
			children = (
				62451E101AC9CC6B00C31557 /* DataManager.h */,
				62451E111AC9CC6B00C31557 /* DataManager.m */,
			);
			name = DataManager;
			sourceTree = "<group>";
		};
		6292E1761AC30AFE00B28CE0 /* Controllers */ = {
			isa = PBXGroup;
			children = (
				62451E1A1ACA4AB400C31557 /* Tutorial */,
				627B17411AC7749800C81E90 /* DataManager */,
				52C1645F1AC5A4E7008E8B2F /* Detail */,
				6292E17F1AC320ED00B28CE0 /* Main */,
				6292E17A1AC30B7D00B28CE0 /* More */,
				6292E1791AC30B7400B28CE0 /* Map */,
				6292E1781AC30B6500B28CE0 /* Collection */,
			);
			name = Controllers;
			sourceTree = "<group>";
		};
		6292E1771AC30B1D00B28CE0 /* Views */ = {
			isa = PBXGroup;
			children = (
				52C1645C1AC4859C008E8B2F /* Collection */,
				62451E181ACA4AA600C31557 /* Tutorial.storyboard */,
				6222C8AB1ABB47F1008B5970 /* LaunchScreen.xib */,
				6222C8A61ABB47F1008B5970 /* Main.storyboard */,
				35C3A6031AC1D6590067BAAE /* More.storyboard */,
				62BA995B1AF05490007B2FA1 /* RoundedImageView.h */,
				62BA995C1AF05490007B2FA1 /* RoundedImageView.m */,
			);
			name = Views;
			sourceTree = "<group>";
		};
		6292E1781AC30B6500B28CE0 /* Collection */ = {
			isa = PBXGroup;
			children = (
				52362FDF1ABE0D2B0079D117 /* CollectionViewController.h */,
				52362FE01ABE0D2B0079D117 /* CollectionViewController.m */,
			);
			name = Collection;
			sourceTree = "<group>";
		};
		6292E1791AC30B7400B28CE0 /* Map */ = {
			isa = PBXGroup;
			children = (
				35C3A5FD1AC0B0040067BAAE /* MapViewController.h */,
				35C3A5FE1AC0B0040067BAAE /* MapViewController.m */,
			);
			name = Map;
			sourceTree = "<group>";
		};
		6292E17A1AC30B7D00B28CE0 /* More */ = {
			isa = PBXGroup;
			children = (
				35C3A6051AC1DEC10067BAAE /* MoreTableViewController.h */,
				35C3A6061AC1DEC10067BAAE /* MoreTableViewController.m */,
				35FED4FD1AC3478000E12E32 /* LoggedMoreTableViewController.h */,
				35FED4FE1AC3478000E12E32 /* LoggedMoreTableViewController.m */,
				35FED4FA1AC3393C00E12E32 /* LoginViewController.h */,
				35FED4FB1AC3393C00E12E32 /* LoginViewController.m */,
				35FED4F71AC336F000E12E32 /* RegisterViewController.h */,
				35FED4F81AC336F000E12E32 /* RegisterViewController.m */,
			);
			name = More;
			sourceTree = "<group>";
		};
		6292E17B1AC31F3400B28CE0 /* Utils */ = {
			isa = PBXGroup;
			children = (
				62451E1B1ACADECA00C31557 /* AsyncImageView */,
				62C98EB91AC5DB8A003E405B /* AppUtils.h */,
				62C98EBA1AC5DB8A003E405B /* AppUtils.m */,
				6292E1831AC34B3300B28CE0 /* RWBlurPopoverView.h */,
				6292E1841AC34B3300B28CE0 /* RWBlurPopoverView.m */,
				6292E1801AC34AC500B28CE0 /* RWBlurPopover.h */,
				6292E1811AC34AC500B28CE0 /* RWBlurPopover.m */,
				358B181E1ABCB33B007283CB /* MBProgressHUD.h */,
				358B181F1ABCB33B007283CB /* MBProgressHUD.m */,
				6292E17C1AC31F4200B28CE0 /* Reachability.h */,
				6292E17D1AC31F4200B28CE0 /* Reachability.m */,
			);
			name = Utils;
			sourceTree = "<group>";
		};
		6292E17F1AC320ED00B28CE0 /* Main */ = {
			isa = PBXGroup;
			children = (
				6222C8A31ABB47F1008B5970 /* MainViewController.h */,
				6222C8A41ABB47F1008B5970 /* MainViewController.m */,
			);
			name = Main;
			sourceTree = "<group>";
		};
		6299E97E1ADC509800EF2B51 /* Pivy WatchKit Extension */ = {
			isa = PBXGroup;
			children = (
				52C904F91B1397DD009D8BD6 /* Pivy WatchKit Extension.entitlements */,
				62CE23571B150140005AAD88 /* GlanceInterfaceController.h */,
				6299E9821ADC509800EF2B51 /* InterfaceController.h */,
				6299E9851ADC509800EF2B51 /* NotificationController.h */,
				62CE23581B150140005AAD88 /* GlanceInterfaceController.m */,
				6299E9831ADC509800EF2B51 /* InterfaceController.m */,
				6299E9861ADC509800EF2B51 /* NotificationController.m */,
				6299E9881ADC509800EF2B51 /* Images.xcassets */,
				6299E97F1ADC509800EF2B51 /* Supporting Files */,
			);
			path = "Pivy WatchKit Extension";
			sourceTree = "<group>";
		};
		6299E97F1ADC509800EF2B51 /* Supporting Files */ = {
			isa = PBXGroup;
			children = (
				6299E9801ADC509800EF2B51 /* Info.plist */,
				6299E9811ADC509800EF2B51 /* PushNotificationPayload.apns */,
			);
			name = "Supporting Files";
			sourceTree = "<group>";
		};
		6299E9901ADC509900EF2B51 /* Pivy WatchKit App */ = {
			isa = PBXGroup;
			children = (
				6299E9931ADC509900EF2B51 /* Interface.storyboard */,
				62CE23551B14F06F005AAD88 /* Images.xcassets */,
				6299E9911ADC509900EF2B51 /* Supporting Files */,
			);
			path = "Pivy WatchKit App";
			sourceTree = "<group>";
		};
		6299E9911ADC509900EF2B51 /* Supporting Files */ = {
			isa = PBXGroup;
			children = (
				6299E9921ADC509900EF2B51 /* Info.plist */,
				6299E9A21ADC56CD00EF2B51 /* NotificationPayload.apns */,
			);
			name = "Supporting Files";
			sourceTree = "<group>";
		};
		62D5A2111ABB560100464F29 /* Models */ = {
			isa = PBXGroup;
			children = (
				62ED49241AC5B974002CCE90 /* Gallery.h */,
				62ED49251AC5B974002CCE90 /* Gallery.m */,
				35C3A6001AC0B0870067BAAE /* LocalAnnotation.h */,
				35C3A6011AC0B0870067BAAE /* LocalAnnotation.m */,
				62D5A2161ABB56A200464F29 /* Objeto.h */,
				62D5A2171ABB56A200464F29 /* Objeto.m */,
				62D5A2191ABB570200464F29 /* Pivy.h */,
				62D5A21A1ABB570200464F29 /* Pivy.m */,
				62D5A21C1ABB571200464F29 /* Background.h */,
				62D5A21D1ABB571200464F29 /* Background.m */,
			);
			name = Models;
			sourceTree = "<group>";
		};
		DC9008E031F2DE0DFF698846 /* Frameworks */ = {
			isa = PBXGroup;
			children = (
				E5EACDF68232008B72E3F660 /* libPods-Pivy.a */,
				553C194E3BEDB8B4250239F5 /* libPods-Pivy WatchKit Extension.a */,
			);
			name = Frameworks;
			sourceTree = "<group>";
		};
/* End PBXGroup section */

/* Begin PBXNativeTarget section */
		6222C8981ABB47F1008B5970 /* Pivy */ = {
			isa = PBXNativeTarget;
			buildConfigurationList = 6222C8BC1ABB47F1008B5970 /* Build configuration list for PBXNativeTarget "Pivy" */;
			buildPhases = (
				1D7E93E402EF22546E8C7363 /* [CP] Check Pods Manifest.lock */,
				6222C8951ABB47F1008B5970 /* Sources */,
				6222C8961ABB47F1008B5970 /* Frameworks */,
				6222C8971ABB47F1008B5970 /* Resources */,
				62BD40A01C7CB32500A625C1 /* Embed Watch Content */,
				C9A593D794A47950696BB5B6 /* [CP] Embed Pods Frameworks */,
				906220CC7E2615BBB53C89BF /* [CP] Copy Pods Resources */,
			);
			buildRules = (
			);
			dependencies = (
				62BD409D1C7CB32500A625C1 /* PBXTargetDependency */,
			);
			name = Pivy;
			productName = Pivy;
			productReference = 6222C8991ABB47F1008B5970 /* Pivy.app */;
			productType = "com.apple.product-type.application";
		};
		6299E97C1ADC509800EF2B51 /* Pivy WatchKit Extension */ = {
			isa = PBXNativeTarget;
			buildConfigurationList = 6299E9A01ADC509900EF2B51 /* Build configuration list for PBXNativeTarget "Pivy WatchKit Extension" */;
			buildPhases = (
				6806389763C037CDE4C5EAD1 /* [CP] Check Pods Manifest.lock */,
				6299E9791ADC509800EF2B51 /* Sources */,
				6299E97A1ADC509800EF2B51 /* Frameworks */,
				6299E97B1ADC509800EF2B51 /* Resources */,
				E38484A1BBC417841FC08EB0 /* [CP] Embed Pods Frameworks */,
				CA353E2EE0709244748811A4 /* [CP] Copy Pods Resources */,
			);
			buildRules = (
			);
			dependencies = (
			);
			name = "Pivy WatchKit Extension";
			productName = "Pivy WatchKit Extension";
			productReference = 6299E97D1ADC509800EF2B51 /* Pivy WatchKit Extension.appex */;
			productType = "com.apple.product-type.watchkit2-extension";
		};
		6299E98B1ADC509900EF2B51 /* Pivy WatchKit App */ = {
			isa = PBXNativeTarget;
			buildConfigurationList = 6299E99F1ADC509900EF2B51 /* Build configuration list for PBXNativeTarget "Pivy WatchKit App" */;
			buildPhases = (
				6299E98A1ADC509900EF2B51 /* Resources */,
				62BD409F1C7CB32500A625C1 /* Embed App Extensions */,
				271FDB5649A256F3C742E361 /* Frameworks */,
			);
			buildRules = (
			);
			dependencies = (
				62BD409A1C7CB32500A625C1 /* PBXTargetDependency */,
			);
			name = "Pivy WatchKit App";
			productName = "Pivy WatchKit App";
			productReference = 6299E98C1ADC509900EF2B51 /* Pivy WatchKit App.app */;
			productType = "com.apple.product-type.application.watchapp2";
		};
/* End PBXNativeTarget section */

/* Begin PBXProject section */
		6222C8911ABB47F1008B5970 /* Project object */ = {
			isa = PBXProject;
			attributes = {
				LastUpgradeCheck = 0830;
				ORGANIZATIONNAME = "Henrique Valcanaia";
				TargetAttributes = {
					6222C8981ABB47F1008B5970 = {
						CreatedOnToolsVersion = 6.2;
						DevelopmentTeam = YYWFQ73E8M;
						SystemCapabilities = {
							com.apple.ApplicationGroups.iOS = {
								enabled = 1;
							};
							com.apple.Keychain = {
								enabled = 1;
							};
						};
					};
					6299E97C1ADC509800EF2B51 = {
						CreatedOnToolsVersion = 6.3;
						DevelopmentTeam = YYWFQ73E8M;
						SystemCapabilities = {
							com.apple.ApplicationGroups.iOS = {
								enabled = 1;
							};
							com.apple.Keychain = {
								enabled = 1;
							};
						};
					};
					6299E98B1ADC509900EF2B51 = {
						CreatedOnToolsVersion = 6.3;
						DevelopmentTeam = YYWFQ73E8M;
					};
				};
			};
			buildConfigurationList = 6222C8941ABB47F1008B5970 /* Build configuration list for PBXProject "Pivy" */;
			compatibilityVersion = "Xcode 3.2";
			developmentRegion = English;
			hasScannedForEncodings = 0;
			knownRegions = (
				en,
				Base,
				pt,
				fr,
			);
			mainGroup = 6222C8901ABB47F1008B5970;
			productRefGroup = 6222C89A1ABB47F1008B5970 /* Products */;
			projectDirPath = "";
			projectRoot = "";
			targets = (
				6222C8981ABB47F1008B5970 /* Pivy */,
				6299E97C1ADC509800EF2B51 /* Pivy WatchKit Extension */,
				6299E98B1ADC509900EF2B51 /* Pivy WatchKit App */,
			);
		};
/* End PBXProject section */

/* Begin PBXResourcesBuildPhase section */
		6222C8971ABB47F1008B5970 /* Resources */ = {
			isa = PBXResourcesBuildPhase;
			buildActionMask = 2147483647;
			files = (
				62C6516F1ACB2227008F8BCC /* Main.storyboard in Resources */,
				62C6516D1ACB2213008F8BCC /* LaunchScreen.xib in Resources */,
				62C6516C1ACB2201008F8BCC /* Tutorial.storyboard in Resources */,
				402D37B61ACA5707002C0025 /* Localizable.strings in Resources */,
				35C3A6041AC1D6590067BAAE /* More.storyboard in Resources */,
				6222C8AA1ABB47F1008B5970 /* Images.xcassets in Resources */,
			);
			runOnlyForDeploymentPostprocessing = 0;
		};
		6299E97B1ADC509800EF2B51 /* Resources */ = {
			isa = PBXResourcesBuildPhase;
			buildActionMask = 2147483647;
			files = (
				6299E9891ADC509800EF2B51 /* Images.xcassets in Resources */,
			);
			runOnlyForDeploymentPostprocessing = 0;
		};
		6299E98A1ADC509900EF2B51 /* Resources */ = {
			isa = PBXResourcesBuildPhase;
			buildActionMask = 2147483647;
			files = (
				6299E9951ADC509900EF2B51 /* Interface.storyboard in Resources */,
				62CE23561B14F06F005AAD88 /* Images.xcassets in Resources */,
			);
			runOnlyForDeploymentPostprocessing = 0;
		};
/* End PBXResourcesBuildPhase section */

/* Begin PBXShellScriptBuildPhase section */
		1D7E93E402EF22546E8C7363 /* [CP] Check Pods Manifest.lock */ = {
			isa = PBXShellScriptBuildPhase;
			buildActionMask = 2147483647;
			files = (
			);
			inputPaths = (
			);
			name = "[CP] Check Pods Manifest.lock";
			outputPaths = (
			);
			runOnlyForDeploymentPostprocessing = 0;
			shellPath = /bin/sh;
			shellScript = "diff \"${PODS_PODFILE_DIR_PATH}/Podfile.lock\" \"${PODS_ROOT}/Manifest.lock\" > /dev/null\nif [ $? != 0 ] ; then\n    # print error to STDERR\n    echo \"error: The sandbox is not in sync with the Podfile.lock. Run 'pod install' or update your CocoaPods installation.\" >&2\n    exit 1\nfi\n";
			showEnvVarsInLog = 0;
		};
		6806389763C037CDE4C5EAD1 /* [CP] Check Pods Manifest.lock */ = {
			isa = PBXShellScriptBuildPhase;
			buildActionMask = 2147483647;
			files = (
			);
			inputPaths = (
			);
			name = "[CP] Check Pods Manifest.lock";
			outputPaths = (
			);
			runOnlyForDeploymentPostprocessing = 0;
			shellPath = /bin/sh;
			shellScript = "diff \"${PODS_PODFILE_DIR_PATH}/Podfile.lock\" \"${PODS_ROOT}/Manifest.lock\" > /dev/null\nif [ $? != 0 ] ; then\n    # print error to STDERR\n    echo \"error: The sandbox is not in sync with the Podfile.lock. Run 'pod install' or update your CocoaPods installation.\" >&2\n    exit 1\nfi\n";
			showEnvVarsInLog = 0;
		};
		906220CC7E2615BBB53C89BF /* [CP] Copy Pods Resources */ = {
			isa = PBXShellScriptBuildPhase;
			buildActionMask = 2147483647;
			files = (
			);
			inputPaths = (
			);
			name = "[CP] Copy Pods Resources";
			outputPaths = (
			);
			runOnlyForDeploymentPostprocessing = 0;
			shellPath = /bin/sh;
			shellScript = "\"${SRCROOT}/Pods/Target Support Files/Pods-Pivy/Pods-Pivy-resources.sh\"\n";
			showEnvVarsInLog = 0;
		};
		C9A593D794A47950696BB5B6 /* [CP] Embed Pods Frameworks */ = {
			isa = PBXShellScriptBuildPhase;
			buildActionMask = 2147483647;
			files = (
			);
			inputPaths = (
			);
			name = "[CP] Embed Pods Frameworks";
			outputPaths = (
			);
			runOnlyForDeploymentPostprocessing = 0;
			shellPath = /bin/sh;
			shellScript = "\"${SRCROOT}/Pods/Target Support Files/Pods-Pivy/Pods-Pivy-frameworks.sh\"\n";
			showEnvVarsInLog = 0;
		};
		CA353E2EE0709244748811A4 /* [CP] Copy Pods Resources */ = {
			isa = PBXShellScriptBuildPhase;
			buildActionMask = 2147483647;
			files = (
			);
			inputPaths = (
			);
			name = "[CP] Copy Pods Resources";
			outputPaths = (
			);
			runOnlyForDeploymentPostprocessing = 0;
			shellPath = /bin/sh;
			shellScript = "\"${SRCROOT}/Pods/Target Support Files/Pods-Pivy WatchKit Extension/Pods-Pivy WatchKit Extension-resources.sh\"\n";
			showEnvVarsInLog = 0;
		};
		E38484A1BBC417841FC08EB0 /* [CP] Embed Pods Frameworks */ = {
			isa = PBXShellScriptBuildPhase;
			buildActionMask = 2147483647;
			files = (
			);
			inputPaths = (
			);
			name = "[CP] Embed Pods Frameworks";
			outputPaths = (
			);
			runOnlyForDeploymentPostprocessing = 0;
			shellPath = /bin/sh;
			shellScript = "\"${SRCROOT}/Pods/Target Support Files/Pods-Pivy WatchKit Extension/Pods-Pivy WatchKit Extension-frameworks.sh\"\n";
			showEnvVarsInLog = 0;
		};
/* End PBXShellScriptBuildPhase section */

/* Begin PBXSourcesBuildPhase section */
		6222C8951ABB47F1008B5970 /* Sources */ = {
			isa = PBXSourcesBuildPhase;
			buildActionMask = 2147483647;
			files = (
				6292E1851AC34B3300B28CE0 /* RWBlurPopoverView.m in Sources */,
				35C3A6071AC1DEC10067BAAE /* MoreTableViewController.m in Sources */,
				62D5A21B1ABB570200464F29 /* Pivy.m in Sources */,
				62D5A21E1ABB571200464F29 /* Background.m in Sources */,
				6292E1821AC34AC500B28CE0 /* RWBlurPopover.m in Sources */,
				35C3A6021AC0B0870067BAAE /* LocalAnnotation.m in Sources */,
				62C98EBB1AC5DB8A003E405B /* AppUtils.m in Sources */,
				6292E17E1AC31F4200B28CE0 /* Reachability.m in Sources */,
				6222C8A51ABB47F1008B5970 /* MainViewController.m in Sources */,
				52362FE11ABE0D2B0079D117 /* CollectionViewCell.m in Sources */,
				35FED4FC1AC3393C00E12E32 /* LoginViewController.m in Sources */,
				6222C8A21ABB47F1008B5970 /* AppDelegate.m in Sources */,
				35FED4FF1AC3478000E12E32 /* LoggedMoreTableViewController.m in Sources */,
				35FED4F91AC336F000E12E32 /* RegisterViewController.m in Sources */,
				62D5A2181ABB56A200464F29 /* Objeto.m in Sources */,
				6222C89F1ABB47F1008B5970 /* main.m in Sources */,
				62451E121AC9CC6B00C31557 /* DataManager.m in Sources */,
				623C62461AC0CCFE003B9200 /* PivyDetailViewController.m in Sources */,
				52C1645A1AC48546008E8B2F /* CollectionViewCellHeader.m in Sources */,
				52362FE21ABE0D2B0079D117 /* CollectionViewController.m in Sources */,
				62BA995D1AF05490007B2FA1 /* RoundedImageView.m in Sources */,
				358B18201ABCB33B007283CB /* MBProgressHUD.m in Sources */,
				62451E171ACA4A8B00C31557 /* MainTutorialViewController.m in Sources */,
				62ED49261AC5B974002CCE90 /* Gallery.m in Sources */,
				35C3A5FF1AC0B0040067BAAE /* MapViewController.m in Sources */,
				62451E1E1ACADECA00C31557 /* AsyncImageView.m in Sources */,
			);
			runOnlyForDeploymentPostprocessing = 0;
		};
		6299E9791ADC509800EF2B51 /* Sources */ = {
			isa = PBXSourcesBuildPhase;
			buildActionMask = 2147483647;
			files = (
				6299E9871ADC509800EF2B51 /* NotificationController.m in Sources */,
				62CE23591B150140005AAD88 /* GlanceInterfaceController.m in Sources */,
				6299E9841ADC509800EF2B51 /* InterfaceController.m in Sources */,
			);
			runOnlyForDeploymentPostprocessing = 0;
		};
/* End PBXSourcesBuildPhase section */

/* Begin PBXTargetDependency section */
		62BD409A1C7CB32500A625C1 /* PBXTargetDependency */ = {
			isa = PBXTargetDependency;
			target = 6299E97C1ADC509800EF2B51 /* Pivy WatchKit Extension */;
			targetProxy = 62BD40991C7CB32500A625C1 /* PBXContainerItemProxy */;
		};
		62BD409D1C7CB32500A625C1 /* PBXTargetDependency */ = {
			isa = PBXTargetDependency;
			target = 6299E98B1ADC509900EF2B51 /* Pivy WatchKit App */;
			targetProxy = 62BD409C1C7CB32500A625C1 /* PBXContainerItemProxy */;
		};
/* End PBXTargetDependency section */

/* Begin PBXVariantGroup section */
		402D37B81ACA5707002C0025 /* Localizable.strings */ = {
			isa = PBXVariantGroup;
			children = (
				402D37B71ACA5707002C0025 /* en */,
				402D37B91ACA5720002C0025 /* Base */,
				402D37BA1ACA5722002C0025 /* pt */,
				52E2B71F1ACB0F49008B62E5 /* fr */,
			);
			name = Localizable.strings;
			sourceTree = "<group>";
		};
		6222C8A61ABB47F1008B5970 /* Main.storyboard */ = {
			isa = PBXVariantGroup;
			children = (
				6222C8A71ABB47F1008B5970 /* Base */,
				402D37B51ACA56B0002C0025 /* pt */,
				52E2B7211ACB0F49008B62E5 /* fr */,
			);
			name = Main.storyboard;
			sourceTree = "<group>";
		};
		6222C8AB1ABB47F1008B5970 /* LaunchScreen.xib */ = {
			isa = PBXVariantGroup;
			children = (
				6222C8AC1ABB47F1008B5970 /* Base */,
				402D37B41ACA56B0002C0025 /* pt */,
				52E2B7201ACB0F49008B62E5 /* fr */,
			);
			name = LaunchScreen.xib;
			sourceTree = "<group>";
		};
		6299E9931ADC509900EF2B51 /* Interface.storyboard */ = {
			isa = PBXVariantGroup;
			children = (
				6299E9941ADC509900EF2B51 /* Base */,
			);
			name = Interface.storyboard;
			sourceTree = "<group>";
		};
/* End PBXVariantGroup section */

/* Begin XCBuildConfiguration section */
		6222C8BA1ABB47F1008B5970 /* Debug */ = {
			isa = XCBuildConfiguration;
			buildSettings = {
				ALWAYS_SEARCH_USER_PATHS = NO;
				CLANG_ANALYZER_LOCALIZABILITY_NONLOCALIZED = YES;
				CLANG_CXX_LANGUAGE_STANDARD = "gnu++0x";
				CLANG_CXX_LIBRARY = "libc++";
				CLANG_ENABLE_MODULES = YES;
				CLANG_ENABLE_OBJC_ARC = YES;
				CLANG_WARN_BOOL_CONVERSION = YES;
				CLANG_WARN_CONSTANT_CONVERSION = YES;
				CLANG_WARN_DIRECT_OBJC_ISA_USAGE = YES_ERROR;
				CLANG_WARN_EMPTY_BODY = YES;
				CLANG_WARN_ENUM_CONVERSION = YES;
				CLANG_WARN_INFINITE_RECURSION = YES;
				CLANG_WARN_INT_CONVERSION = YES;
				CLANG_WARN_OBJC_ROOT_CLASS = YES_ERROR;
				CLANG_WARN_SUSPICIOUS_MOVE = YES;
				CLANG_WARN_UNREACHABLE_CODE = YES;
				CLANG_WARN__DUPLICATE_METHOD_MATCH = YES;
				CODE_SIGN_IDENTITY = "Apple Production IOS Push Services: br.Pivy";
				"CODE_SIGN_IDENTITY[sdk=iphoneos*]" = "Apple Development IOS Push Services: br.Pivy";
				COPY_PHASE_STRIP = NO;
				ENABLE_STRICT_OBJC_MSGSEND = YES;
				ENABLE_TESTABILITY = YES;
				GCC_C_LANGUAGE_STANDARD = gnu99;
				GCC_DYNAMIC_NO_PIC = NO;
				GCC_NO_COMMON_BLOCKS = YES;
				GCC_OPTIMIZATION_LEVEL = 0;
				GCC_PREPROCESSOR_DEFINITIONS = (
					"DEBUG=1",
					"$(inherited)",
				);
				GCC_SYMBOLS_PRIVATE_EXTERN = NO;
				GCC_WARN_64_TO_32_BIT_CONVERSION = YES;
				GCC_WARN_ABOUT_RETURN_TYPE = YES_ERROR;
				GCC_WARN_UNDECLARED_SELECTOR = YES;
				GCC_WARN_UNINITIALIZED_AUTOS = YES_AGGRESSIVE;
				GCC_WARN_UNUSED_FUNCTION = YES;
				GCC_WARN_UNUSED_VARIABLE = YES;
				IPHONEOS_DEPLOYMENT_TARGET = 8.3;
				MTL_ENABLE_DEBUG_INFO = YES;
				ONLY_ACTIVE_ARCH = YES;
				SDKROOT = iphoneos;
				STRIP_INSTALLED_PRODUCT = NO;
				TARGETED_DEVICE_FAMILY = "1,2";
			};
			name = Debug;
		};
		6222C8BB1ABB47F1008B5970 /* Release */ = {
			isa = XCBuildConfiguration;
			buildSettings = {
				ALWAYS_SEARCH_USER_PATHS = NO;
				CLANG_ANALYZER_LOCALIZABILITY_NONLOCALIZED = YES;
				CLANG_CXX_LANGUAGE_STANDARD = "gnu++0x";
				CLANG_CXX_LIBRARY = "libc++";
				CLANG_ENABLE_MODULES = YES;
				CLANG_ENABLE_OBJC_ARC = YES;
				CLANG_WARN_BOOL_CONVERSION = YES;
				CLANG_WARN_CONSTANT_CONVERSION = YES;
				CLANG_WARN_DIRECT_OBJC_ISA_USAGE = YES_ERROR;
				CLANG_WARN_EMPTY_BODY = YES;
				CLANG_WARN_ENUM_CONVERSION = YES;
				CLANG_WARN_INFINITE_RECURSION = YES;
				CLANG_WARN_INT_CONVERSION = YES;
				CLANG_WARN_OBJC_ROOT_CLASS = YES_ERROR;
				CLANG_WARN_SUSPICIOUS_MOVE = YES;
				CLANG_WARN_UNREACHABLE_CODE = YES;
				CLANG_WARN__DUPLICATE_METHOD_MATCH = YES;
				CODE_SIGN_IDENTITY = "Apple Production IOS Push Services: br.Pivy";
				"CODE_SIGN_IDENTITY[sdk=iphoneos*]" = "Apple Development IOS Push Services: br.Pivy";
				COPY_PHASE_STRIP = YES;
				ENABLE_NS_ASSERTIONS = NO;
				ENABLE_STRICT_OBJC_MSGSEND = YES;
				GCC_C_LANGUAGE_STANDARD = gnu99;
				GCC_NO_COMMON_BLOCKS = YES;
				GCC_PREPROCESSOR_DEFINITIONS = "NDEBUG=1";
				GCC_WARN_64_TO_32_BIT_CONVERSION = YES;
				GCC_WARN_ABOUT_RETURN_TYPE = YES_ERROR;
				GCC_WARN_UNDECLARED_SELECTOR = YES;
				GCC_WARN_UNINITIALIZED_AUTOS = YES_AGGRESSIVE;
				GCC_WARN_UNUSED_FUNCTION = YES;
				GCC_WARN_UNUSED_VARIABLE = YES;
				IPHONEOS_DEPLOYMENT_TARGET = 8.3;
				MTL_ENABLE_DEBUG_INFO = NO;
				SDKROOT = iphoneos;
				TARGETED_DEVICE_FAMILY = "1,2";
				VALIDATE_PRODUCT = YES;
			};
			name = Release;
		};
		6222C8BD1ABB47F1008B5970 /* Debug */ = {
			isa = XCBuildConfiguration;
			baseConfigurationReference = C181177165040A2AB0D44670 /* Pods-Pivy.debug.xcconfig */;
			buildSettings = {
				ASSETCATALOG_COMPILER_APPICON_NAME = AppIcon;
				CODE_SIGN_ENTITLEMENTS = Pivy/Pivy.entitlements;
				CODE_SIGN_IDENTITY = "iPhone Developer";
				"CODE_SIGN_IDENTITY[sdk=iphoneos*]" = "iPhone Developer";
				FRAMEWORK_SEARCH_PATHS = (
					"$(inherited)",
					"$(PROJECT_DIR)",
					/Users/MarcusKuquert/Documents/FacebookSDK,
					/Users/pietrodegrazia/Documents/FacebookSDK,
				);
				INFOPLIST_FILE = Pivy/Info.plist;
				IPHONEOS_DEPLOYMENT_TARGET = 8.0;
				LD_RUNPATH_SEARCH_PATHS = "$(inherited) @executable_path/Frameworks";
				PRODUCT_BUNDLE_IDENTIFIER = br.Pivy;
				PRODUCT_NAME = "$(TARGET_NAME)";
				PROVISIONING_PROFILE = "";
			};
			name = Debug;
		};
		6222C8BE1ABB47F1008B5970 /* Release */ = {
			isa = XCBuildConfiguration;
			baseConfigurationReference = DE468B4F0574D10423F21FE4 /* Pods-Pivy.release.xcconfig */;
			buildSettings = {
				ASSETCATALOG_COMPILER_APPICON_NAME = AppIcon;
				CODE_SIGN_ENTITLEMENTS = Pivy/Pivy.entitlements;
				CODE_SIGN_IDENTITY = "iPhone Developer";
				"CODE_SIGN_IDENTITY[sdk=iphoneos*]" = "iPhone Developer";
				FRAMEWORK_SEARCH_PATHS = (
					"$(inherited)",
					"$(PROJECT_DIR)",
					/Users/MarcusKuquert/Documents/FacebookSDK,
					/Users/pietrodegrazia/Documents/FacebookSDK,
				);
				INFOPLIST_FILE = Pivy/Info.plist;
				IPHONEOS_DEPLOYMENT_TARGET = 8.0;
				LD_RUNPATH_SEARCH_PATHS = "$(inherited) @executable_path/Frameworks";
				PRODUCT_BUNDLE_IDENTIFIER = br.Pivy;
				PRODUCT_NAME = "$(TARGET_NAME)";
				PROVISIONING_PROFILE = "";
			};
			name = Release;
		};
		6299E99B1ADC509900EF2B51 /* Debug */ = {
			isa = XCBuildConfiguration;
			baseConfigurationReference = A551D75A012A1CD3297B4101 /* Pods-Pivy WatchKit Extension.debug.xcconfig */;
			buildSettings = {
				CODE_SIGN_ENTITLEMENTS = "Pivy WatchKit Extension/Pivy WatchKit Extension.entitlements";
				CODE_SIGN_IDENTITY = "iPhone Developer";
				"CODE_SIGN_IDENTITY[sdk=iphoneos*]" = "iPhone Developer";
				DEBUG_INFORMATION_FORMAT = "dwarf-with-dsym";
				GCC_NO_COMMON_BLOCKS = YES;
				GCC_PREPROCESSOR_DEFINITIONS = (
					"DEBUG=1",
					"$(inherited)",
				);
				INFOPLIST_FILE = "Pivy WatchKit Extension/Info.plist";
				IPHONEOS_DEPLOYMENT_TARGET = 8.3;
				LD_RUNPATH_SEARCH_PATHS = "$(inherited) @executable_path/Frameworks @executable_path/../../Frameworks";
				PRODUCT_BUNDLE_IDENTIFIER = br.Pivy.watchkitapp.watchkitextension;
				PRODUCT_NAME = "${TARGET_NAME}";
				PROVISIONING_PROFILE = "";
				SDKROOT = watchos;
				SKIP_INSTALL = YES;
				TARGETED_DEVICE_FAMILY = 4;
				WATCHOS_DEPLOYMENT_TARGET = 2.0;
			};
			name = Debug;
		};
		6299E99C1ADC509900EF2B51 /* Release */ = {
			isa = XCBuildConfiguration;
			baseConfigurationReference = A6536EFE444F7204CAD34BD8 /* Pods-Pivy WatchKit Extension.release.xcconfig */;
			buildSettings = {
				CODE_SIGN_ENTITLEMENTS = "Pivy WatchKit Extension/Pivy WatchKit Extension.entitlements";
				CODE_SIGN_IDENTITY = "iPhone Developer";
				"CODE_SIGN_IDENTITY[sdk=iphoneos*]" = "iPhone Developer";
				DEBUG_INFORMATION_FORMAT = "dwarf-with-dsym";
				GCC_NO_COMMON_BLOCKS = YES;
				INFOPLIST_FILE = "Pivy WatchKit Extension/Info.plist";
				IPHONEOS_DEPLOYMENT_TARGET = 8.3;
				LD_RUNPATH_SEARCH_PATHS = "$(inherited) @executable_path/Frameworks @executable_path/../../Frameworks";
				PRODUCT_BUNDLE_IDENTIFIER = br.Pivy.watchkitapp.watchkitextension;
				PRODUCT_NAME = "${TARGET_NAME}";
				PROVISIONING_PROFILE = "";
				SDKROOT = watchos;
				SKIP_INSTALL = YES;
				TARGETED_DEVICE_FAMILY = 4;
				WATCHOS_DEPLOYMENT_TARGET = 2.0;
			};
			name = Release;
		};
		6299E99D1ADC509900EF2B51 /* Debug */ = {
			isa = XCBuildConfiguration;
			buildSettings = {
				ASSETCATALOG_COMPILER_APPICON_NAME = AppIcon;
				CODE_SIGN_IDENTITY = "iPhone Developer";
				"CODE_SIGN_IDENTITY[sdk=iphoneos*]" = "iPhone Developer";
				DEBUG_INFORMATION_FORMAT = "dwarf-with-dsym";
				GCC_NO_COMMON_BLOCKS = YES;
				GCC_PREPROCESSOR_DEFINITIONS = (
					"DEBUG=1",
					"$(inherited)",
				);
				IBSC_MODULE = Pivy_WatchKit_Extension;
				INFOPLIST_FILE = "Pivy WatchKit App/Info.plist";
				PRODUCT_BUNDLE_IDENTIFIER = br.Pivy.watchkitapp;
				PRODUCT_NAME = "$(TARGET_NAME)";
				PROVISIONING_PROFILE = "";
				SDKROOT = watchos;
				SKIP_INSTALL = YES;
				TARGETED_DEVICE_FAMILY = 4;
				WATCHOS_DEPLOYMENT_TARGET = 2.0;
			};
			name = Debug;
		};
		6299E99E1ADC509900EF2B51 /* Release */ = {
			isa = XCBuildConfiguration;
			buildSettings = {
				ASSETCATALOG_COMPILER_APPICON_NAME = AppIcon;
				CODE_SIGN_IDENTITY = "iPhone Developer";
				"CODE_SIGN_IDENTITY[sdk=iphoneos*]" = "iPhone Developer";
				DEBUG_INFORMATION_FORMAT = "dwarf-with-dsym";
				GCC_NO_COMMON_BLOCKS = YES;
				IBSC_MODULE = Pivy_WatchKit_Extension;
				INFOPLIST_FILE = "Pivy WatchKit App/Info.plist";
				PRODUCT_BUNDLE_IDENTIFIER = br.Pivy.watchkitapp;
				PRODUCT_NAME = "$(TARGET_NAME)";
				PROVISIONING_PROFILE = "";
				SDKROOT = watchos;
				SKIP_INSTALL = YES;
				TARGETED_DEVICE_FAMILY = 4;
				WATCHOS_DEPLOYMENT_TARGET = 2.0;
			};
			name = Release;
		};
/* End XCBuildConfiguration section */

/* Begin XCConfigurationList section */
		6222C8941ABB47F1008B5970 /* Build configuration list for PBXProject "Pivy" */ = {
			isa = XCConfigurationList;
			buildConfigurations = (
				6222C8BA1ABB47F1008B5970 /* Debug */,
				6222C8BB1ABB47F1008B5970 /* Release */,
			);
			defaultConfigurationIsVisible = 0;
			defaultConfigurationName = Release;
		};
		6222C8BC1ABB47F1008B5970 /* Build configuration list for PBXNativeTarget "Pivy" */ = {
			isa = XCConfigurationList;
			buildConfigurations = (
				6222C8BD1ABB47F1008B5970 /* Debug */,
				6222C8BE1ABB47F1008B5970 /* Release */,
			);
			defaultConfigurationIsVisible = 0;
			defaultConfigurationName = Release;
		};
		6299E99F1ADC509900EF2B51 /* Build configuration list for PBXNativeTarget "Pivy WatchKit App" */ = {
			isa = XCConfigurationList;
			buildConfigurations = (
				6299E99D1ADC509900EF2B51 /* Debug */,
				6299E99E1ADC509900EF2B51 /* Release */,
			);
			defaultConfigurationIsVisible = 0;
			defaultConfigurationName = Release;
		};
		6299E9A01ADC509900EF2B51 /* Build configuration list for PBXNativeTarget "Pivy WatchKit Extension" */ = {
			isa = XCConfigurationList;
			buildConfigurations = (
				6299E99B1ADC509900EF2B51 /* Debug */,
				6299E99C1ADC509900EF2B51 /* Release */,
			);
			defaultConfigurationIsVisible = 0;
			defaultConfigurationName = Release;
		};
/* End XCConfigurationList section */
	};
	rootObject = 6222C8911ABB47F1008B5970 /* Project object */;
}
